// !$*UTF8*$!
{
	archiveVersion = 1;
	classes = {
	};
	objectVersion = 52;
	objects = {

/* Begin PBXBuildFile section */
		E2039B4B265750B3004B3BEF /* Charts in Frameworks */ = {isa = PBXBuildFile; productRef = E2039B4A265750B3004B3BEF /* Charts */; };
		E2123A602647115400A29222 /* Alamofire in Frameworks */ = {isa = PBXBuildFile; productRef = E2123A5F2647115400A29222 /* Alamofire */; };
		E2123A62264713CC00A29222 /* StockCurrentQuote.swift in Sources */ = {isa = PBXBuildFile; fileRef = E2123A61264713CC00A29222 /* StockCurrentQuote.swift */; };
		E2123A652647158800A29222 /* SwiftyBeaver in Frameworks */ = {isa = PBXBuildFile; productRef = E2123A642647158800A29222 /* SwiftyBeaver */; };
		E2123A682647198000A29222 /* SwiftyJSON in Frameworks */ = {isa = PBXBuildFile; productRef = E2123A672647198000A29222 /* SwiftyJSON */; };
		E2123A6B26472F9400A29222 /* StockCache.swift in Sources */ = {isa = PBXBuildFile; fileRef = E2123A6A26472F9400A29222 /* StockCache.swift */; };
		E22A84222669C8B60099F107 /* PartialSheet in Frameworks */ = {isa = PBXBuildFile; productRef = E22A84212669C8B60099F107 /* PartialSheet */; };
		E23B93E12652D38D00E039D9 /* Money+Format.swift in Sources */ = {isa = PBXBuildFile; fileRef = E23B93E02652D38D00E039D9 /* Money+Format.swift */; };
		E23B93E42652D52800E039D9 /* SwifterSwift in Frameworks */ = {isa = PBXBuildFile; productRef = E23B93E32652D52800E039D9 /* SwifterSwift */; };
		E23EFB282662A82D0038022B /* MBProgressHUD in Frameworks */ = {isa = PBXBuildFile; productRef = E23EFB272662A82D0038022B /* MBProgressHUD */; };
		E25A1E82266BB862004D2B24 /* Exchange.swift in Sources */ = {isa = PBXBuildFile; fileRef = E25A1E81266BB862004D2B24 /* Exchange.swift */; };
		E25A1E95266D633D004D2B24 /* ScrollableCounter.swift in Sources */ = {isa = PBXBuildFile; fileRef = E25A1E92266D633C004D2B24 /* ScrollableCounter.swift */; };
		E25A1E96266D633D004D2B24 /* DigitScrollCounter.swift in Sources */ = {isa = PBXBuildFile; fileRef = E25A1E93266D633C004D2B24 /* DigitScrollCounter.swift */; };
		E25A1E97266D633D004D2B24 /* NumberScrollCounter.swift in Sources */ = {isa = PBXBuildFile; fileRef = E25A1E94266D633D004D2B24 /* NumberScrollCounter.swift */; };
		E25A1E9A266D64F6004D2B24 /* UIViewController+ActivityIndicator.swift in Sources */ = {isa = PBXBuildFile; fileRef = E25A1E99266D64F6004D2B24 /* UIViewController+ActivityIndicator.swift */; };
		E267B86F2667FEBC009979C8 /* NVActivityIndicatorView in Frameworks */ = {isa = PBXBuildFile; productRef = E267B86E2667FEBC009979C8 /* NVActivityIndicatorView */; };
		E267B8712667FEBC009979C8 /* NVActivityIndicatorViewExtended in Frameworks */ = {isa = PBXBuildFile; productRef = E267B8702667FEBC009979C8 /* NVActivityIndicatorViewExtended */; };
		E267B8742667FEE8009979C8 /* FloatingPanel in Frameworks */ = {isa = PBXBuildFile; productRef = E267B8732667FEE8009979C8 /* FloatingPanel */; };
		E267B8772667FF66009979C8 /* SkeletonView in Frameworks */ = {isa = PBXBuildFile; productRef = E267B8762667FF66009979C8 /* SkeletonView */; };
		E275EDFD264835F000752D8A /* SearchBar.swift in Sources */ = {isa = PBXBuildFile; fileRef = E275EDFC264835F000752D8A /* SearchBar.swift */; };
		E275EDFF26483D6600752D8A /* SearchStockView.swift in Sources */ = {isa = PBXBuildFile; fileRef = E275EDFE26483D6600752D8A /* SearchStockView.swift */; };
		E275EE0126483EBF00752D8A /* SearchStock.swift in Sources */ = {isa = PBXBuildFile; fileRef = E275EE0026483EBF00752D8A /* SearchStock.swift */; };
		E275EE0326483FE300752D8A /* SearchStockRow.swift in Sources */ = {isa = PBXBuildFile; fileRef = E275EE0226483FE300752D8A /* SearchStockRow.swift */; };
		E27C62E42653612000DD063C /* ChartHighlightMarker.swift in Sources */ = {isa = PBXBuildFile; fileRef = E27C62E32653612000DD063C /* ChartHighlightMarker.swift */; };
		E27C72C626603A8100AB008A /* GoogleService-Info.plist in Resources */ = {isa = PBXBuildFile; fileRef = E27C72C526603A7B00AB008A /* GoogleService-Info.plist */; };
		E284F9202659A2DD002CB3BF /* Introspect in Frameworks */ = {isa = PBXBuildFile; productRef = E284F91F2659A2DD002CB3BF /* Introspect */; };
		E28E475E265584C800C1D60E /* StockQuote.swift in Sources */ = {isa = PBXBuildFile; fileRef = E28E475D265584C800C1D60E /* StockQuote.swift */; };
		E2901FA5264CAC8B003A2C01 /* Shake in Frameworks */ = {isa = PBXBuildFile; productRef = E2901FA4264CAC8B003A2C01 /* Shake */; };
		E2901FA7264CD22E003A2C01 /* bitrise_configuration.plist in Resources */ = {isa = PBXBuildFile; fileRef = E2901FA6264CD22E003A2C01 /* bitrise_configuration.plist */; };
		E2901FAA264D77EF003A2C01 /* Trace in Frameworks */ = {isa = PBXBuildFile; productRef = E2901FA9264D77EF003A2C01 /* Trace */; };
		E2A07D962651BF270075E271 /* NetworkingURLBuilder.swift in Sources */ = {isa = PBXBuildFile; fileRef = E2A07D952651BF270075E271 /* NetworkingURLBuilder.swift */; };
		E2A07D982651C0A20075E271 /* URLDomain.swift in Sources */ = {isa = PBXBuildFile; fileRef = E2A07D972651C0A20075E271 /* URLDomain.swift */; };
		E2A07D9B26520BDD0075E271 /* Hue in Frameworks */ = {isa = PBXBuildFile; productRef = E2A07D9A26520BDD0075E271 /* Hue */; };
		E2A07D9E26520BF20075E271 /* Colors.swift in Sources */ = {isa = PBXBuildFile; fileRef = E2A07D9D26520BF20075E271 /* Colors.swift */; };
		E2ABEDED26531F0A0001F0F9 /* SwiftUIChartViewController.swift in Sources */ = {isa = PBXBuildFile; fileRef = E2ABEDEC26531F0A0001F0F9 /* SwiftUIChartViewController.swift */; };
		E2ABEDF0265322670001F0F9 /* HMSegmentedControl in Frameworks */ = {isa = PBXBuildFile; productRef = E2ABEDEF265322670001F0F9 /* HMSegmentedControl */; };
		E2ABEDF2265322AE0001F0F9 /* ChartViewController.swift in Sources */ = {isa = PBXBuildFile; fileRef = E2ABEDF1265322AE0001F0F9 /* ChartViewController.swift */; };
		E2ABEDF5265322FA0001F0F9 /* SnapKit in Frameworks */ = {isa = PBXBuildFile; productRef = E2ABEDF4265322FA0001F0F9 /* SnapKit */; };
		E2ABEDF72653235A0001F0F9 /* TimeSection.swift in Sources */ = {isa = PBXBuildFile; fileRef = E2ABEDF62653235A0001F0F9 /* TimeSection.swift */; };
		E2ABEDF9265324690001F0F9 /* ChartViewDataSource.swift in Sources */ = {isa = PBXBuildFile; fileRef = E2ABEDF8265324690001F0F9 /* ChartViewDataSource.swift */; };
		E2ABEDFB265324D00001F0F9 /* PriceHistoryDataSource.swift in Sources */ = {isa = PBXBuildFile; fileRef = E2ABEDFA265324D00001F0F9 /* PriceHistoryDataSource.swift */; };
		E2ABEE082653376D0001F0F9 /* ChartCache.swift in Sources */ = {isa = PBXBuildFile; fileRef = E2ABEE072653376D0001F0F9 /* ChartCache.swift */; };
		E2ABEE0A26533DF70001F0F9 /* StockQuoteNetworkClient.swift in Sources */ = {isa = PBXBuildFile; fileRef = E2ABEE0926533DF70001F0F9 /* StockQuoteNetworkClient.swift */; };
		E2ABEE0C26533E1D0001F0F9 /* PriceHistoryNetworkClient.swift in Sources */ = {isa = PBXBuildFile; fileRef = E2ABEE0B26533E1D0001F0F9 /* PriceHistoryNetworkClient.swift */; };
		E2BDFCA726518CB90075E619 /* Money in Frameworks */ = {isa = PBXBuildFile; productRef = E2BDFCA626518CB90075E619 /* Money */; };
		E2BE76582641FC3300645629 /* StockExpectedPriceView.swift in Sources */ = {isa = PBXBuildFile; fileRef = E2BE76572641FC3300645629 /* StockExpectedPriceView.swift */; };
		E2C859B426438EE500F93321 /* Cache in Frameworks */ = {isa = PBXBuildFile; productRef = E2C859B326438EE500F93321 /* Cache */; };
		E2D2B5D026518A9B001B5E32 /* StockDetailsView.swift in Sources */ = {isa = PBXBuildFile; fileRef = E2D2B5CF26518A9B001B5E32 /* StockDetailsView.swift */; };
		E2E2459526572D7300460D4A /* UIColor+CodeName.swift in Sources */ = {isa = PBXBuildFile; fileRef = E2E2459426572D7300460D4A /* UIColor+CodeName.swift */; };
		E2E2459726572DBE00460D4A /* UIColor+Theme.swift in Sources */ = {isa = PBXBuildFile; fileRef = E2E2459626572DBE00460D4A /* UIColor+Theme.swift */; };
		E2E637AD2641A5FB00F872A4 /* WaitApp.swift in Sources */ = {isa = PBXBuildFile; fileRef = E2E637AC2641A5FB00F872A4 /* WaitApp.swift */; };
		E2E637AF2641A5FB00F872A4 /* ContentView.swift in Sources */ = {isa = PBXBuildFile; fileRef = E2E637AE2641A5FB00F872A4 /* ContentView.swift */; };
		E2E637B12641A5FD00F872A4 /* Assets.xcassets in Resources */ = {isa = PBXBuildFile; fileRef = E2E637B02641A5FD00F872A4 /* Assets.xcassets */; };
		E2E637B42641A5FD00F872A4 /* Preview Assets.xcassets in Resources */ = {isa = PBXBuildFile; fileRef = E2E637B32641A5FD00F872A4 /* Preview Assets.xcassets */; };
		E2E637BD2641A7F400F872A4 /* Stock.swift in Sources */ = {isa = PBXBuildFile; fileRef = E2E637BC2641A7F400F872A4 /* Stock.swift */; };
		E2E637C02641A92A00F872A4 /* StockRow.swift in Sources */ = {isa = PBXBuildFile; fileRef = E2E637BF2641A92A00F872A4 /* StockRow.swift */; };
/* End PBXBuildFile section */

/* Begin PBXCopyFilesBuildPhase section */
		E2ABEDE126531CCF0001F0F9 /* Embed Frameworks */ = {
			isa = PBXCopyFilesBuildPhase;
			buildActionMask = 2147483647;
			dstPath = "";
			dstSubfolderSpec = 10;
			files = (
			);
			name = "Embed Frameworks";
			runOnlyForDeploymentPostprocessing = 0;
		};
/* End PBXCopyFilesBuildPhase section */

/* Begin PBXFileReference section */
		E2123A61264713CC00A29222 /* StockCurrentQuote.swift */ = {isa = PBXFileReference; lastKnownFileType = sourcecode.swift; path = StockCurrentQuote.swift; sourceTree = "<group>"; };
		E2123A6A26472F9400A29222 /* StockCache.swift */ = {isa = PBXFileReference; lastKnownFileType = sourcecode.swift; path = StockCache.swift; sourceTree = "<group>"; };
		E23B93E02652D38D00E039D9 /* Money+Format.swift */ = {isa = PBXFileReference; lastKnownFileType = sourcecode.swift; path = "Money+Format.swift"; sourceTree = "<group>"; };
		E25A1E81266BB862004D2B24 /* Exchange.swift */ = {isa = PBXFileReference; lastKnownFileType = sourcecode.swift; path = Exchange.swift; sourceTree = "<group>"; };
		E25A1E92266D633C004D2B24 /* ScrollableCounter.swift */ = {isa = PBXFileReference; fileEncoding = 4; lastKnownFileType = sourcecode.swift; path = ScrollableCounter.swift; sourceTree = "<group>"; };
		E25A1E93266D633C004D2B24 /* DigitScrollCounter.swift */ = {isa = PBXFileReference; fileEncoding = 4; lastKnownFileType = sourcecode.swift; path = DigitScrollCounter.swift; sourceTree = "<group>"; };
		E25A1E94266D633D004D2B24 /* NumberScrollCounter.swift */ = {isa = PBXFileReference; fileEncoding = 4; lastKnownFileType = sourcecode.swift; path = NumberScrollCounter.swift; sourceTree = "<group>"; };
		E25A1E99266D64F6004D2B24 /* UIViewController+ActivityIndicator.swift */ = {isa = PBXFileReference; lastKnownFileType = sourcecode.swift; path = "UIViewController+ActivityIndicator.swift"; sourceTree = "<group>"; };
		E275EDFC264835F000752D8A /* SearchBar.swift */ = {isa = PBXFileReference; lastKnownFileType = sourcecode.swift; path = SearchBar.swift; sourceTree = "<group>"; };
		E275EDFE26483D6600752D8A /* SearchStockView.swift */ = {isa = PBXFileReference; lastKnownFileType = sourcecode.swift; path = SearchStockView.swift; sourceTree = "<group>"; };
		E275EE0026483EBF00752D8A /* SearchStock.swift */ = {isa = PBXFileReference; lastKnownFileType = sourcecode.swift; path = SearchStock.swift; sourceTree = "<group>"; };
		E275EE0226483FE300752D8A /* SearchStockRow.swift */ = {isa = PBXFileReference; lastKnownFileType = sourcecode.swift; path = SearchStockRow.swift; sourceTree = "<group>"; };
		E27C62E32653612000DD063C /* ChartHighlightMarker.swift */ = {isa = PBXFileReference; lastKnownFileType = sourcecode.swift; path = ChartHighlightMarker.swift; sourceTree = "<group>"; };
		E27C72C526603A7B00AB008A /* GoogleService-Info.plist */ = {isa = PBXFileReference; fileEncoding = 4; lastKnownFileType = text.plist.xml; path = "GoogleService-Info.plist"; sourceTree = "<group>"; };
		E28E475D265584C800C1D60E /* StockQuote.swift */ = {isa = PBXFileReference; lastKnownFileType = sourcecode.swift; path = StockQuote.swift; sourceTree = "<group>"; };
		E2901FA6264CD22E003A2C01 /* bitrise_configuration.plist */ = {isa = PBXFileReference; fileEncoding = 4; lastKnownFileType = text.plist.xml; path = bitrise_configuration.plist; sourceTree = "<group>"; };
		E2A07D952651BF270075E271 /* NetworkingURLBuilder.swift */ = {isa = PBXFileReference; lastKnownFileType = sourcecode.swift; path = NetworkingURLBuilder.swift; sourceTree = "<group>"; };
		E2A07D972651C0A20075E271 /* URLDomain.swift */ = {isa = PBXFileReference; lastKnownFileType = sourcecode.swift; path = URLDomain.swift; sourceTree = "<group>"; };
		E2A07D9D26520BF20075E271 /* Colors.swift */ = {isa = PBXFileReference; lastKnownFileType = sourcecode.swift; path = Colors.swift; sourceTree = "<group>"; };
		E2ABEDEC26531F0A0001F0F9 /* SwiftUIChartViewController.swift */ = {isa = PBXFileReference; lastKnownFileType = sourcecode.swift; path = SwiftUIChartViewController.swift; sourceTree = "<group>"; };
		E2ABEDF1265322AE0001F0F9 /* ChartViewController.swift */ = {isa = PBXFileReference; lastKnownFileType = sourcecode.swift; path = ChartViewController.swift; sourceTree = "<group>"; };
		E2ABEDF62653235A0001F0F9 /* TimeSection.swift */ = {isa = PBXFileReference; lastKnownFileType = sourcecode.swift; path = TimeSection.swift; sourceTree = "<group>"; };
		E2ABEDF8265324690001F0F9 /* ChartViewDataSource.swift */ = {isa = PBXFileReference; lastKnownFileType = sourcecode.swift; path = ChartViewDataSource.swift; sourceTree = "<group>"; };
		E2ABEDFA265324D00001F0F9 /* PriceHistoryDataSource.swift */ = {isa = PBXFileReference; lastKnownFileType = sourcecode.swift; path = PriceHistoryDataSource.swift; sourceTree = "<group>"; };
		E2ABEE072653376D0001F0F9 /* ChartCache.swift */ = {isa = PBXFileReference; lastKnownFileType = sourcecode.swift; path = ChartCache.swift; sourceTree = "<group>"; };
		E2ABEE0926533DF70001F0F9 /* StockQuoteNetworkClient.swift */ = {isa = PBXFileReference; lastKnownFileType = sourcecode.swift; path = StockQuoteNetworkClient.swift; sourceTree = "<group>"; };
		E2ABEE0B26533E1D0001F0F9 /* PriceHistoryNetworkClient.swift */ = {isa = PBXFileReference; lastKnownFileType = sourcecode.swift; path = PriceHistoryNetworkClient.swift; sourceTree = "<group>"; };
		E2BE76572641FC3300645629 /* StockExpectedPriceView.swift */ = {isa = PBXFileReference; lastKnownFileType = sourcecode.swift; path = StockExpectedPriceView.swift; sourceTree = "<group>"; };
		E2D2B5CF26518A9B001B5E32 /* StockDetailsView.swift */ = {isa = PBXFileReference; lastKnownFileType = sourcecode.swift; path = StockDetailsView.swift; sourceTree = "<group>"; };
		E2E2459426572D7300460D4A /* UIColor+CodeName.swift */ = {isa = PBXFileReference; lastKnownFileType = sourcecode.swift; path = "UIColor+CodeName.swift"; sourceTree = "<group>"; };
		E2E2459626572DBE00460D4A /* UIColor+Theme.swift */ = {isa = PBXFileReference; lastKnownFileType = sourcecode.swift; path = "UIColor+Theme.swift"; sourceTree = "<group>"; };
		E2E637A92641A5FB00F872A4 /* Wait.app */ = {isa = PBXFileReference; explicitFileType = wrapper.application; includeInIndex = 0; path = Wait.app; sourceTree = BUILT_PRODUCTS_DIR; };
		E2E637AC2641A5FB00F872A4 /* WaitApp.swift */ = {isa = PBXFileReference; lastKnownFileType = sourcecode.swift; path = WaitApp.swift; sourceTree = "<group>"; };
		E2E637AE2641A5FB00F872A4 /* ContentView.swift */ = {isa = PBXFileReference; lastKnownFileType = sourcecode.swift; path = ContentView.swift; sourceTree = "<group>"; };
		E2E637B02641A5FD00F872A4 /* Assets.xcassets */ = {isa = PBXFileReference; lastKnownFileType = folder.assetcatalog; path = Assets.xcassets; sourceTree = "<group>"; };
		E2E637B32641A5FD00F872A4 /* Preview Assets.xcassets */ = {isa = PBXFileReference; lastKnownFileType = folder.assetcatalog; path = "Preview Assets.xcassets"; sourceTree = "<group>"; };
		E2E637B52641A5FD00F872A4 /* Info.plist */ = {isa = PBXFileReference; lastKnownFileType = text.plist.xml; path = Info.plist; sourceTree = "<group>"; };
		E2E637BC2641A7F400F872A4 /* Stock.swift */ = {isa = PBXFileReference; lastKnownFileType = sourcecode.swift; path = Stock.swift; sourceTree = "<group>"; };
		E2E637BF2641A92A00F872A4 /* StockRow.swift */ = {isa = PBXFileReference; lastKnownFileType = sourcecode.swift; path = StockRow.swift; sourceTree = "<group>"; };
/* End PBXFileReference section */

/* Begin PBXFrameworksBuildPhase section */
		E2E637A62641A5FB00F872A4 /* Frameworks */ = {
			isa = PBXFrameworksBuildPhase;
			buildActionMask = 2147483647;
			files = (
				E2901FAA264D77EF003A2C01 /* Trace in Frameworks */,
				E284F9202659A2DD002CB3BF /* Introspect in Frameworks */,
				E2ABEDF5265322FA0001F0F9 /* SnapKit in Frameworks */,
				E2C859B426438EE500F93321 /* Cache in Frameworks */,
				E2123A602647115400A29222 /* Alamofire in Frameworks */,
				E23B93E42652D52800E039D9 /* SwifterSwift in Frameworks */,
				E2BDFCA726518CB90075E619 /* Money in Frameworks */,
				E22A84222669C8B60099F107 /* PartialSheet in Frameworks */,
				E2123A682647198000A29222 /* SwiftyJSON in Frameworks */,
				E2039B4B265750B3004B3BEF /* Charts in Frameworks */,
				E267B8712667FEBC009979C8 /* NVActivityIndicatorViewExtended in Frameworks */,
				E2ABEDF0265322670001F0F9 /* HMSegmentedControl in Frameworks */,
				E23EFB282662A82D0038022B /* MBProgressHUD in Frameworks */,
				E267B86F2667FEBC009979C8 /* NVActivityIndicatorView in Frameworks */,
				E2A07D9B26520BDD0075E271 /* Hue in Frameworks */,
				E267B8742667FEE8009979C8 /* FloatingPanel in Frameworks */,
				E2123A652647158800A29222 /* SwiftyBeaver in Frameworks */,
				E267B8772667FF66009979C8 /* SkeletonView in Frameworks */,
				E2901FA5264CAC8B003A2C01 /* Shake in Frameworks */,
			);
			runOnlyForDeploymentPostprocessing = 0;
		};
/* End PBXFrameworksBuildPhase section */

/* Begin PBXGroup section */
		E2123A6926472F7F00A29222 /* Cache */ = {
			isa = PBXGroup;
			children = (
				E2123A6A26472F9400A29222 /* StockCache.swift */,
			);
			path = Cache;
			sourceTree = "<group>";
		};
		E23B93DF2652D37600E039D9 /* Money */ = {
			isa = PBXGroup;
			children = (
				E23B93E02652D38D00E039D9 /* Money+Format.swift */,
			);
			path = Money;
			sourceTree = "<group>";
		};
		E25A1E98266D64CB004D2B24 /* UI */ = {
			isa = PBXGroup;
			children = (
				E25A1E99266D64F6004D2B24 /* UIViewController+ActivityIndicator.swift */,
			);
			path = UI;
			sourceTree = "<group>";
		};
		E2A07D942651BE120075E271 /* Network */ = {
			isa = PBXGroup;
			children = (
				E2A07D952651BF270075E271 /* NetworkingURLBuilder.swift */,
				E2A07D972651C0A20075E271 /* URLDomain.swift */,
				E2ABEE0926533DF70001F0F9 /* StockQuoteNetworkClient.swift */,
				E2ABEE0B26533E1D0001F0F9 /* PriceHistoryNetworkClient.swift */,
			);
			path = Network;
			sourceTree = "<group>";
		};
		E2A07D9C26520BE50075E271 /* Color */ = {
			isa = PBXGroup;
			children = (
				E2A07D9D26520BF20075E271 /* Colors.swift */,
				E2E2459426572D7300460D4A /* UIColor+CodeName.swift */,
				E2E2459626572DBE00460D4A /* UIColor+Theme.swift */,
			);
			path = Color;
			sourceTree = "<group>";
		};
		E2ABEDEB26531EF40001F0F9 /* Charts */ = {
			isa = PBXGroup;
			children = (
				E25A1E93266D633C004D2B24 /* DigitScrollCounter.swift */,
				E25A1E94266D633D004D2B24 /* NumberScrollCounter.swift */,
				E25A1E92266D633C004D2B24 /* ScrollableCounter.swift */,
				E2ABEDEC26531F0A0001F0F9 /* SwiftUIChartViewController.swift */,
				E2ABEDF1265322AE0001F0F9 /* ChartViewController.swift */,
				E2ABEDF62653235A0001F0F9 /* TimeSection.swift */,
				E2ABEDF8265324690001F0F9 /* ChartViewDataSource.swift */,
				E2ABEDFA265324D00001F0F9 /* PriceHistoryDataSource.swift */,
				E2ABEE072653376D0001F0F9 /* ChartCache.swift */,
				E27C62E32653612000DD063C /* ChartHighlightMarker.swift */,
			);
			path = Charts;
			sourceTree = "<group>";
		};
		E2E637A02641A5FB00F872A4 = {
			isa = PBXGroup;
			children = (
				E27C72C526603A7B00AB008A /* GoogleService-Info.plist */,
				E2901FA6264CD22E003A2C01 /* bitrise_configuration.plist */,
				E2E637AB2641A5FB00F872A4 /* Wait */,
				E2E637AA2641A5FB00F872A4 /* Products */,
			);
			sourceTree = "<group>";
		};
		E2E637AA2641A5FB00F872A4 /* Products */ = {
			isa = PBXGroup;
			children = (
				E2E637A92641A5FB00F872A4 /* Wait.app */,
			);
			name = Products;
			sourceTree = "<group>";
		};
		E2E637AB2641A5FB00F872A4 /* Wait */ = {
			isa = PBXGroup;
			children = (
				E2E637AC2641A5FB00F872A4 /* WaitApp.swift */,
				E25A1E98266D64CB004D2B24 /* UI */,
				E2ABEDEB26531EF40001F0F9 /* Charts */,
				E23B93DF2652D37600E039D9 /* Money */,
				E2A07D9C26520BE50075E271 /* Color */,
				E2A07D942651BE120075E271 /* Network */,
				E2123A6926472F7F00A29222 /* Cache */,
				E2E637BE2641A90E00F872A4 /* View */,
				E2E637BB2641A7E100F872A4 /* Model */,
				E2E637B02641A5FD00F872A4 /* Assets.xcassets */,
				E2E637B52641A5FD00F872A4 /* Info.plist */,
				E2E637B22641A5FD00F872A4 /* Preview Content */,
			);
			path = Wait;
			sourceTree = "<group>";
		};
		E2E637B22641A5FD00F872A4 /* Preview Content */ = {
			isa = PBXGroup;
			children = (
				E2E637B32641A5FD00F872A4 /* Preview Assets.xcassets */,
			);
			path = "Preview Content";
			sourceTree = "<group>";
		};
		E2E637BB2641A7E100F872A4 /* Model */ = {
			isa = PBXGroup;
			children = (
				E2E637BC2641A7F400F872A4 /* Stock.swift */,
				E2123A61264713CC00A29222 /* StockCurrentQuote.swift */,
				E275EE0026483EBF00752D8A /* SearchStock.swift */,
				E28E475D265584C800C1D60E /* StockQuote.swift */,
				E25A1E81266BB862004D2B24 /* Exchange.swift */,
			);
			path = Model;
			sourceTree = "<group>";
		};
		E2E637BE2641A90E00F872A4 /* View */ = {
			isa = PBXGroup;
			children = (
				E2E637AE2641A5FB00F872A4 /* ContentView.swift */,
				E2E637BF2641A92A00F872A4 /* StockRow.swift */,
				E2BE76572641FC3300645629 /* StockExpectedPriceView.swift */,
				E275EDFC264835F000752D8A /* SearchBar.swift */,
				E275EDFE26483D6600752D8A /* SearchStockView.swift */,
				E275EE0226483FE300752D8A /* SearchStockRow.swift */,
				E2D2B5CF26518A9B001B5E32 /* StockDetailsView.swift */,
			);
			path = View;
			sourceTree = "<group>";
		};
/* End PBXGroup section */

/* Begin PBXNativeTarget section */
		E2E637A82641A5FB00F872A4 /* Wait */ = {
			isa = PBXNativeTarget;
			buildConfigurationList = E2E637B82641A5FD00F872A4 /* Build configuration list for PBXNativeTarget "Wait" */;
			buildPhases = (
				E2E637A52641A5FB00F872A4 /* Sources */,
				E2E637A62641A5FB00F872A4 /* Frameworks */,
				E2E637A72641A5FB00F872A4 /* Resources */,
				E2ABEDE126531CCF0001F0F9 /* Embed Frameworks */,
			);
			buildRules = (
			);
			dependencies = (
			);
			name = Wait;
			packageProductDependencies = (
				E2C859B326438EE500F93321 /* Cache */,
				E2123A5F2647115400A29222 /* Alamofire */,
				E2123A642647158800A29222 /* SwiftyBeaver */,
				E2123A672647198000A29222 /* SwiftyJSON */,
				E2901FA4264CAC8B003A2C01 /* Shake */,
				E2901FA9264D77EF003A2C01 /* Trace */,
				E2BDFCA626518CB90075E619 /* Money */,
				E2A07D9A26520BDD0075E271 /* Hue */,
				E23B93E32652D52800E039D9 /* SwifterSwift */,
				E2ABEDEF265322670001F0F9 /* HMSegmentedControl */,
				E2ABEDF4265322FA0001F0F9 /* SnapKit */,
				E2039B4A265750B3004B3BEF /* Charts */,
				E284F91F2659A2DD002CB3BF /* Introspect */,
				E23EFB272662A82D0038022B /* MBProgressHUD */,
				E267B86E2667FEBC009979C8 /* NVActivityIndicatorView */,
				E267B8702667FEBC009979C8 /* NVActivityIndicatorViewExtended */,
				E267B8732667FEE8009979C8 /* FloatingPanel */,
				E267B8762667FF66009979C8 /* SkeletonView */,
				E22A84212669C8B60099F107 /* PartialSheet */,
			);
			productName = Wait;
			productReference = E2E637A92641A5FB00F872A4 /* Wait.app */;
			productType = "com.apple.product-type.application";
		};
/* End PBXNativeTarget section */

/* Begin PBXProject section */
		E2E637A12641A5FB00F872A4 /* Project object */ = {
			isa = PBXProject;
			attributes = {
				LastSwiftUpdateCheck = 1250;
				LastUpgradeCheck = 1250;
				TargetAttributes = {
					E2E637A82641A5FB00F872A4 = {
						CreatedOnToolsVersion = 12.5;
					};
				};
			};
			buildConfigurationList = E2E637A42641A5FB00F872A4 /* Build configuration list for PBXProject "Wait" */;
			compatibilityVersion = "Xcode 9.3";
			developmentRegion = en;
			hasScannedForEncodings = 0;
			knownRegions = (
				en,
				Base,
			);
			mainGroup = E2E637A02641A5FB00F872A4;
			packageReferences = (
				E2C859B226438EE500F93321 /* XCRemoteSwiftPackageReference "Cache" */,
				E2123A5E2647115400A29222 /* XCRemoteSwiftPackageReference "Alamofire" */,
				E2123A632647158800A29222 /* XCRemoteSwiftPackageReference "SwiftyBeaver" */,
				E2123A662647198000A29222 /* XCRemoteSwiftPackageReference "SwiftyJSON" */,
				E2901FA3264CAC8B003A2C01 /* XCRemoteSwiftPackageReference "shake-ios" */,
				E2901FA8264D77EE003A2C01 /* XCRemoteSwiftPackageReference "trace-cocoa-sdk" */,
				E2BDFCA526518CB90075E619 /* XCRemoteSwiftPackageReference "Money" */,
				E2A07D9926520BDD0075E271 /* XCRemoteSwiftPackageReference "Hue" */,
				E23B93E22652D52800E039D9 /* XCRemoteSwiftPackageReference "SwifterSwift" */,
				E2ABEDEE265322670001F0F9 /* XCRemoteSwiftPackageReference "HMSegmentedControl" */,
				E2ABEDF3265322FA0001F0F9 /* XCRemoteSwiftPackageReference "SnapKit" */,
				E2039B49265750B3004B3BEF /* XCRemoteSwiftPackageReference "Charts" */,
				E284F91E2659A2DD002CB3BF /* XCRemoteSwiftPackageReference "SwiftUI-Introspect" */,
				E23EFB262662A82D0038022B /* XCRemoteSwiftPackageReference "MBProgressHUD" */,
				E267B86D2667FEBC009979C8 /* XCRemoteSwiftPackageReference "NVActivityIndicatorView" */,
				E267B8722667FEE8009979C8 /* XCRemoteSwiftPackageReference "FloatingPanel" */,
				E267B8752667FF66009979C8 /* XCRemoteSwiftPackageReference "SkeletonView" */,
				E22A84202669C8B60099F107 /* XCRemoteSwiftPackageReference "PartialSheet" */,
			);
			productRefGroup = E2E637AA2641A5FB00F872A4 /* Products */;
			projectDirPath = "";
			projectRoot = "";
			targets = (
				E2E637A82641A5FB00F872A4 /* Wait */,
			);
		};
/* End PBXProject section */

/* Begin PBXResourcesBuildPhase section */
		E2E637A72641A5FB00F872A4 /* Resources */ = {
			isa = PBXResourcesBuildPhase;
			buildActionMask = 2147483647;
			files = (
				E2E637B42641A5FD00F872A4 /* Preview Assets.xcassets in Resources */,
				E27C72C626603A8100AB008A /* GoogleService-Info.plist in Resources */,
				E2E637B12641A5FD00F872A4 /* Assets.xcassets in Resources */,
				E2901FA7264CD22E003A2C01 /* bitrise_configuration.plist in Resources */,
			);
			runOnlyForDeploymentPostprocessing = 0;
		};
/* End PBXResourcesBuildPhase section */

/* Begin PBXSourcesBuildPhase section */
		E2E637A52641A5FB00F872A4 /* Sources */ = {
			isa = PBXSourcesBuildPhase;
			buildActionMask = 2147483647;
			files = (
				E2E637AF2641A5FB00F872A4 /* ContentView.swift in Sources */,
				E2ABEE0A26533DF70001F0F9 /* StockQuoteNetworkClient.swift in Sources */,
				E2A07D9E26520BF20075E271 /* Colors.swift in Sources */,
				E28E475E265584C800C1D60E /* StockQuote.swift in Sources */,
				E2BE76582641FC3300645629 /* StockExpectedPriceView.swift in Sources */,
				E2E2459726572DBE00460D4A /* UIColor+Theme.swift in Sources */,
				E2D2B5D026518A9B001B5E32 /* StockDetailsView.swift in Sources */,
				E2E637C02641A92A00F872A4 /* StockRow.swift in Sources */,
				E2ABEDF2265322AE0001F0F9 /* ChartViewController.swift in Sources */,
				E25A1E9A266D64F6004D2B24 /* UIViewController+ActivityIndicator.swift in Sources */,
				E2E637BD2641A7F400F872A4 /* Stock.swift in Sources */,
				E2ABEE0C26533E1D0001F0F9 /* PriceHistoryNetworkClient.swift in Sources */,
				E27C62E42653612000DD063C /* ChartHighlightMarker.swift in Sources */,
				E25A1E97266D633D004D2B24 /* NumberScrollCounter.swift in Sources */,
				E2E637AD2641A5FB00F872A4 /* WaitApp.swift in Sources */,
				E275EDFD264835F000752D8A /* SearchBar.swift in Sources */,
				E2ABEDED26531F0A0001F0F9 /* SwiftUIChartViewController.swift in Sources */,
				E275EE0126483EBF00752D8A /* SearchStock.swift in Sources */,
				E2ABEDF72653235A0001F0F9 /* TimeSection.swift in Sources */,
				E2ABEDF9265324690001F0F9 /* ChartViewDataSource.swift in Sources */,
				E25A1E96266D633D004D2B24 /* DigitScrollCounter.swift in Sources */,
				E23B93E12652D38D00E039D9 /* Money+Format.swift in Sources */,
				E2123A62264713CC00A29222 /* StockCurrentQuote.swift in Sources */,
				E275EE0326483FE300752D8A /* SearchStockRow.swift in Sources */,
				E2E2459526572D7300460D4A /* UIColor+CodeName.swift in Sources */,
				E2A07D962651BF270075E271 /* NetworkingURLBuilder.swift in Sources */,
				E2A07D982651C0A20075E271 /* URLDomain.swift in Sources */,
				E2123A6B26472F9400A29222 /* StockCache.swift in Sources */,
				E25A1E82266BB862004D2B24 /* Exchange.swift in Sources */,
				E2ABEE082653376D0001F0F9 /* ChartCache.swift in Sources */,
				E275EDFF26483D6600752D8A /* SearchStockView.swift in Sources */,
				E2ABEDFB265324D00001F0F9 /* PriceHistoryDataSource.swift in Sources */,
				E25A1E95266D633D004D2B24 /* ScrollableCounter.swift in Sources */,
			);
			runOnlyForDeploymentPostprocessing = 0;
		};
/* End PBXSourcesBuildPhase section */

/* Begin XCBuildConfiguration section */
		E2E637B62641A5FD00F872A4 /* Debug */ = {
			isa = XCBuildConfiguration;
			buildSettings = {
				ALWAYS_SEARCH_USER_PATHS = NO;
				CLANG_ANALYZER_NONNULL = YES;
				CLANG_ANALYZER_NUMBER_OBJECT_CONVERSION = YES_AGGRESSIVE;
				CLANG_CXX_LANGUAGE_STANDARD = "gnu++14";
				CLANG_CXX_LIBRARY = "libc++";
				CLANG_ENABLE_MODULES = YES;
				CLANG_ENABLE_OBJC_ARC = YES;
				CLANG_ENABLE_OBJC_WEAK = YES;
				CLANG_WARN_BLOCK_CAPTURE_AUTORELEASING = YES;
				CLANG_WARN_BOOL_CONVERSION = YES;
				CLANG_WARN_COMMA = YES;
				CLANG_WARN_CONSTANT_CONVERSION = YES;
				CLANG_WARN_DEPRECATED_OBJC_IMPLEMENTATIONS = YES;
				CLANG_WARN_DIRECT_OBJC_ISA_USAGE = YES_ERROR;
				CLANG_WARN_DOCUMENTATION_COMMENTS = YES;
				CLANG_WARN_EMPTY_BODY = YES;
				CLANG_WARN_ENUM_CONVERSION = YES;
				CLANG_WARN_INFINITE_RECURSION = YES;
				CLANG_WARN_INT_CONVERSION = YES;
				CLANG_WARN_NON_LITERAL_NULL_CONVERSION = YES;
				CLANG_WARN_OBJC_IMPLICIT_RETAIN_SELF = YES;
				CLANG_WARN_OBJC_LITERAL_CONVERSION = YES;
				CLANG_WARN_OBJC_ROOT_CLASS = YES_ERROR;
				CLANG_WARN_QUOTED_INCLUDE_IN_FRAMEWORK_HEADER = YES;
				CLANG_WARN_RANGE_LOOP_ANALYSIS = YES;
				CLANG_WARN_STRICT_PROTOTYPES = YES;
				CLANG_WARN_SUSPICIOUS_MOVE = YES;
				CLANG_WARN_UNGUARDED_AVAILABILITY = YES_AGGRESSIVE;
				CLANG_WARN_UNREACHABLE_CODE = YES;
				CLANG_WARN__DUPLICATE_METHOD_MATCH = YES;
				COPY_PHASE_STRIP = NO;
				DEBUG_INFORMATION_FORMAT = dwarf;
				ENABLE_STRICT_OBJC_MSGSEND = YES;
				ENABLE_TESTABILITY = YES;
				GCC_C_LANGUAGE_STANDARD = gnu11;
				GCC_DYNAMIC_NO_PIC = NO;
				GCC_NO_COMMON_BLOCKS = YES;
				GCC_OPTIMIZATION_LEVEL = 0;
				GCC_PREPROCESSOR_DEFINITIONS = (
					"DEBUG=1",
					"$(inherited)",
				);
				GCC_WARN_64_TO_32_BIT_CONVERSION = YES;
				GCC_WARN_ABOUT_RETURN_TYPE = YES_ERROR;
				GCC_WARN_UNDECLARED_SELECTOR = YES;
				GCC_WARN_UNINITIALIZED_AUTOS = YES_AGGRESSIVE;
				GCC_WARN_UNUSED_FUNCTION = YES;
				GCC_WARN_UNUSED_VARIABLE = YES;
				IPHONEOS_DEPLOYMENT_TARGET = 14.1;
				MTL_ENABLE_DEBUG_INFO = INCLUDE_SOURCE;
				MTL_FAST_MATH = YES;
				ONLY_ACTIVE_ARCH = YES;
				SDKROOT = iphoneos;
				SWIFT_ACTIVE_COMPILATION_CONDITIONS = DEBUG;
				SWIFT_OPTIMIZATION_LEVEL = "-Onone";
			};
			name = Debug;
		};
		E2E637B72641A5FD00F872A4 /* Release */ = {
			isa = XCBuildConfiguration;
			buildSettings = {
				ALWAYS_SEARCH_USER_PATHS = NO;
				CLANG_ANALYZER_NONNULL = YES;
				CLANG_ANALYZER_NUMBER_OBJECT_CONVERSION = YES_AGGRESSIVE;
				CLANG_CXX_LANGUAGE_STANDARD = "gnu++14";
				CLANG_CXX_LIBRARY = "libc++";
				CLANG_ENABLE_MODULES = YES;
				CLANG_ENABLE_OBJC_ARC = YES;
				CLANG_ENABLE_OBJC_WEAK = YES;
				CLANG_WARN_BLOCK_CAPTURE_AUTORELEASING = YES;
				CLANG_WARN_BOOL_CONVERSION = YES;
				CLANG_WARN_COMMA = YES;
				CLANG_WARN_CONSTANT_CONVERSION = YES;
				CLANG_WARN_DEPRECATED_OBJC_IMPLEMENTATIONS = YES;
				CLANG_WARN_DIRECT_OBJC_ISA_USAGE = YES_ERROR;
				CLANG_WARN_DOCUMENTATION_COMMENTS = YES;
				CLANG_WARN_EMPTY_BODY = YES;
				CLANG_WARN_ENUM_CONVERSION = YES;
				CLANG_WARN_INFINITE_RECURSION = YES;
				CLANG_WARN_INT_CONVERSION = YES;
				CLANG_WARN_NON_LITERAL_NULL_CONVERSION = YES;
				CLANG_WARN_OBJC_IMPLICIT_RETAIN_SELF = YES;
				CLANG_WARN_OBJC_LITERAL_CONVERSION = YES;
				CLANG_WARN_OBJC_ROOT_CLASS = YES_ERROR;
				CLANG_WARN_QUOTED_INCLUDE_IN_FRAMEWORK_HEADER = YES;
				CLANG_WARN_RANGE_LOOP_ANALYSIS = YES;
				CLANG_WARN_STRICT_PROTOTYPES = YES;
				CLANG_WARN_SUSPICIOUS_MOVE = YES;
				CLANG_WARN_UNGUARDED_AVAILABILITY = YES_AGGRESSIVE;
				CLANG_WARN_UNREACHABLE_CODE = YES;
				CLANG_WARN__DUPLICATE_METHOD_MATCH = YES;
				COPY_PHASE_STRIP = NO;
				DEBUG_INFORMATION_FORMAT = "dwarf-with-dsym";
				ENABLE_NS_ASSERTIONS = NO;
				ENABLE_STRICT_OBJC_MSGSEND = YES;
				GCC_C_LANGUAGE_STANDARD = gnu11;
				GCC_NO_COMMON_BLOCKS = YES;
				GCC_WARN_64_TO_32_BIT_CONVERSION = YES;
				GCC_WARN_ABOUT_RETURN_TYPE = YES_ERROR;
				GCC_WARN_UNDECLARED_SELECTOR = YES;
				GCC_WARN_UNINITIALIZED_AUTOS = YES_AGGRESSIVE;
				GCC_WARN_UNUSED_FUNCTION = YES;
				GCC_WARN_UNUSED_VARIABLE = YES;
				IPHONEOS_DEPLOYMENT_TARGET = 14.1;
				MTL_ENABLE_DEBUG_INFO = NO;
				MTL_FAST_MATH = YES;
				SDKROOT = iphoneos;
				SWIFT_COMPILATION_MODE = wholemodule;
				SWIFT_OPTIMIZATION_LEVEL = "-O";
				VALIDATE_PRODUCT = YES;
			};
			name = Release;
		};
		E2E637B92641A5FD00F872A4 /* Debug */ = {
			isa = XCBuildConfiguration;
			buildSettings = {
				ASSETCATALOG_COMPILER_APPICON_NAME = AppIcon;
				ASSETCATALOG_COMPILER_GLOBAL_ACCENT_COLOR_NAME = AccentColor;
				CODE_SIGN_STYLE = Automatic;
				DEVELOPMENT_ASSET_PATHS = "\"Wait/Preview Content\"";
				DEVELOPMENT_TEAM = 5WDN96EM72;
				ENABLE_PREVIEWS = YES;
				INFOPLIST_FILE = Wait/Info.plist;
				IPHONEOS_DEPLOYMENT_TARGET = 14.0;
				LD_RUNPATH_SEARCH_PATHS = (
					"$(inherited)",
					"@executable_path/Frameworks",
				);
				OTHER_LDFLAGS = "";
				"OTHER_LDFLAGS[arch=*]" = (
					"-ObjC",
					"-l",
					z,
					"-l",
					"c++",
				);
				PRODUCT_BUNDLE_IDENTIFIER = com.chenkai.wait;
				PRODUCT_NAME = "$(TARGET_NAME)";
				SWIFT_VERSION = 5.0;
				TARGETED_DEVICE_FAMILY = "1,2";
			};
			name = Debug;
		};
		E2E637BA2641A5FD00F872A4 /* Release */ = {
			isa = XCBuildConfiguration;
			buildSettings = {
				ASSETCATALOG_COMPILER_APPICON_NAME = AppIcon;
				ASSETCATALOG_COMPILER_GLOBAL_ACCENT_COLOR_NAME = AccentColor;
				CODE_SIGN_STYLE = Automatic;
				DEVELOPMENT_ASSET_PATHS = "\"Wait/Preview Content\"";
				DEVELOPMENT_TEAM = 5WDN96EM72;
				ENABLE_PREVIEWS = YES;
				INFOPLIST_FILE = Wait/Info.plist;
				IPHONEOS_DEPLOYMENT_TARGET = 14.0;
				LD_RUNPATH_SEARCH_PATHS = (
					"$(inherited)",
					"@executable_path/Frameworks",
				);
				OTHER_LDFLAGS = "";
				"OTHER_LDFLAGS[arch=*]" = (
					"-ObjC",
					"-l",
					z,
					"-l",
					"c++",
				);
				PRODUCT_BUNDLE_IDENTIFIER = com.chenkai.wait;
				PRODUCT_NAME = "$(TARGET_NAME)";
				SWIFT_VERSION = 5.0;
				TARGETED_DEVICE_FAMILY = "1,2";
			};
			name = Release;
		};
/* End XCBuildConfiguration section */

/* Begin XCConfigurationList section */
		E2E637A42641A5FB00F872A4 /* Build configuration list for PBXProject "Wait" */ = {
			isa = XCConfigurationList;
			buildConfigurations = (
				E2E637B62641A5FD00F872A4 /* Debug */,
				E2E637B72641A5FD00F872A4 /* Release */,
			);
			defaultConfigurationIsVisible = 0;
			defaultConfigurationName = Release;
		};
		E2E637B82641A5FD00F872A4 /* Build configuration list for PBXNativeTarget "Wait" */ = {
			isa = XCConfigurationList;
			buildConfigurations = (
				E2E637B92641A5FD00F872A4 /* Debug */,
				E2E637BA2641A5FD00F872A4 /* Release */,
			);
			defaultConfigurationIsVisible = 0;
			defaultConfigurationName = Release;
		};
/* End XCConfigurationList section */

/* Begin XCRemoteSwiftPackageReference section */
		E2039B49265750B3004B3BEF /* XCRemoteSwiftPackageReference "Charts" */ = {
			isa = XCRemoteSwiftPackageReference;
			repositoryURL = "https://github.com/danielgindi/Charts";
			requirement = {
				kind = exactVersion;
				version = 3.4.0;
			};
		};
		E2123A5E2647115400A29222 /* XCRemoteSwiftPackageReference "Alamofire" */ = {
			isa = XCRemoteSwiftPackageReference;
			repositoryURL = "https://github.com/Alamofire/Alamofire";
			requirement = {
				kind = upToNextMajorVersion;
				minimumVersion = 5.4.3;
			};
		};
		E2123A632647158800A29222 /* XCRemoteSwiftPackageReference "SwiftyBeaver" */ = {
			isa = XCRemoteSwiftPackageReference;
			repositoryURL = "https://github.com/SwiftyBeaver/SwiftyBeaver";
			requirement = {
				kind = upToNextMajorVersion;
				minimumVersion = 1.9.4;
			};
		};
		E2123A662647198000A29222 /* XCRemoteSwiftPackageReference "SwiftyJSON" */ = {
			isa = XCRemoteSwiftPackageReference;
			repositoryURL = "https://github.com/SwiftyJSON/SwiftyJSON";
			requirement = {
				kind = upToNextMajorVersion;
				minimumVersion = 5.0.1;
			};
		};
		E22A84202669C8B60099F107 /* XCRemoteSwiftPackageReference "PartialSheet" */ = {
			isa = XCRemoteSwiftPackageReference;
			repositoryURL = "https://github.com/AndreaMiotto/PartialSheet";
			requirement = {
				kind = upToNextMajorVersion;
				minimumVersion = 2.1.11;
			};
		};
		E23B93E22652D52800E039D9 /* XCRemoteSwiftPackageReference "SwifterSwift" */ = {
			isa = XCRemoteSwiftPackageReference;
			repositoryURL = "https://github.com/SwifterSwift/SwifterSwift";
			requirement = {
				kind = upToNextMajorVersion;
				minimumVersion = 5.2.0;
			};
		};
		E23EFB262662A82D0038022B /* XCRemoteSwiftPackageReference "MBProgressHUD" */ = {
			isa = XCRemoteSwiftPackageReference;
			repositoryURL = "https://github.com/jdg/MBProgressHUD";
			requirement = {
				kind = upToNextMajorVersion;
				minimumVersion = 1.2.0;
			};
		};
		E267B86D2667FEBC009979C8 /* XCRemoteSwiftPackageReference "NVActivityIndicatorView" */ = {
			isa = XCRemoteSwiftPackageReference;
			repositoryURL = "https://github.com/ninjaprox/NVActivityIndicatorView";
			requirement = {
				kind = upToNextMajorVersion;
				minimumVersion = 5.1.1;
			};
		};
		E267B8722667FEE8009979C8 /* XCRemoteSwiftPackageReference "FloatingPanel" */ = {
			isa = XCRemoteSwiftPackageReference;
			repositoryURL = "https://github.com/scenee/FloatingPanel";
			requirement = {
				kind = upToNextMajorVersion;
				minimumVersion = 2.3.1;
			};
		};
		E267B8752667FF66009979C8 /* XCRemoteSwiftPackageReference "SkeletonView" */ = {
			isa = XCRemoteSwiftPackageReference;
			repositoryURL = "https://github.com/Juanpe/SkeletonView";
			requirement = {
				kind = upToNextMajorVersion;
				minimumVersion = 1.16.0;
			};
		};
		E284F91E2659A2DD002CB3BF /* XCRemoteSwiftPackageReference "SwiftUI-Introspect" */ = {
			isa = XCRemoteSwiftPackageReference;
			repositoryURL = "https://github.com/siteline/SwiftUI-Introspect";
			requirement = {
				kind = upToNextMajorVersion;
				minimumVersion = 0.1.3;
			};
		};
		E2901FA3264CAC8B003A2C01 /* XCRemoteSwiftPackageReference "shake-ios" */ = {
			isa = XCRemoteSwiftPackageReference;
			repositoryURL = "https://github.com/shakebugs/shake-ios";
			requirement = {
				kind = upToNextMajorVersion;
				minimumVersion = 14.2.1;
			};
		};
		E2901FA8264D77EE003A2C01 /* XCRemoteSwiftPackageReference "trace-cocoa-sdk" */ = {
			isa = XCRemoteSwiftPackageReference;
			repositoryURL = "https://github.com/bitrise-io/trace-cocoa-sdk.git";
			requirement = {
				kind = upToNextMajorVersion;
				minimumVersion = 1.7.33;
			};
		};
		E2A07D9926520BDD0075E271 /* XCRemoteSwiftPackageReference "Hue" */ = {
			isa = XCRemoteSwiftPackageReference;
			repositoryURL = "https://github.com/zenangst/Hue";
			requirement = {
				kind = upToNextMajorVersion;
				minimumVersion = 5.0.1;
			};
		};
		E2ABEDEE265322670001F0F9 /* XCRemoteSwiftPackageReference "HMSegmentedControl" */ = {
			isa = XCRemoteSwiftPackageReference;
			repositoryURL = "https://github.com/HeshamMegid/HMSegmentedControl";
			requirement = {
				branch = master;
				kind = branch;
			};
		};
		E2ABEDF3265322FA0001F0F9 /* XCRemoteSwiftPackageReference "SnapKit" */ = {
			isa = XCRemoteSwiftPackageReference;
			repositoryURL = "https://github.com/SnapKit/SnapKit";
			requirement = {
				kind = upToNextMajorVersion;
				minimumVersion = 5.0.1;
			};
		};
		E2BDFCA526518CB90075E619 /* XCRemoteSwiftPackageReference "Money" */ = {
			isa = XCRemoteSwiftPackageReference;
			repositoryURL = "https://github.com/Flight-School/Money";
			requirement = {
				kind = upToNextMajorVersion;
				minimumVersion = 1.3.0;
			};
		};
		E2C859B226438EE500F93321 /* XCRemoteSwiftPackageReference "Cache" */ = {
			isa = XCRemoteSwiftPackageReference;
			repositoryURL = "https://github.com/hyperoslo/Cache";
			requirement = {
				kind = upToNextMajorVersion;
				minimumVersion = 6.0.0;
			};
		};
/* End XCRemoteSwiftPackageReference section */

/* Begin XCSwiftPackageProductDependency section */
		E2039B4A265750B3004B3BEF /* Charts */ = {
			isa = XCSwiftPackageProductDependency;
			package = E2039B49265750B3004B3BEF /* XCRemoteSwiftPackageReference "Charts" */;
			productName = Charts;
		};
		E2123A5F2647115400A29222 /* Alamofire */ = {
			isa = XCSwiftPackageProductDependency;
			package = E2123A5E2647115400A29222 /* XCRemoteSwiftPackageReference "Alamofire" */;
			productName = Alamofire;
		};
		E2123A642647158800A29222 /* SwiftyBeaver */ = {
			isa = XCSwiftPackageProductDependency;
			package = E2123A632647158800A29222 /* XCRemoteSwiftPackageReference "SwiftyBeaver" */;
			productName = SwiftyBeaver;
		};
		E2123A672647198000A29222 /* SwiftyJSON */ = {
			isa = XCSwiftPackageProductDependency;
			package = E2123A662647198000A29222 /* XCRemoteSwiftPackageReference "SwiftyJSON" */;
			productName = SwiftyJSON;
		};
		E22A84212669C8B60099F107 /* PartialSheet */ = {
			isa = XCSwiftPackageProductDependency;
			package = E22A84202669C8B60099F107 /* XCRemoteSwiftPackageReference "PartialSheet" */;
			productName = PartialSheet;
		};
		E23B93E32652D52800E039D9 /* SwifterSwift */ = {
			isa = XCSwiftPackageProductDependency;
			package = E23B93E22652D52800E039D9 /* XCRemoteSwiftPackageReference "SwifterSwift" */;
			productName = SwifterSwift;
		};
		E23EFB272662A82D0038022B /* MBProgressHUD */ = {
			isa = XCSwiftPackageProductDependency;
			package = E23EFB262662A82D0038022B /* XCRemoteSwiftPackageReference "MBProgressHUD" */;
			productName = MBProgressHUD;
		};
		E267B86E2667FEBC009979C8 /* NVActivityIndicatorView */ = {
			isa = XCSwiftPackageProductDependency;
			package = E267B86D2667FEBC009979C8 /* XCRemoteSwiftPackageReference "NVActivityIndicatorView" */;
			productName = NVActivityIndicatorView;
		};
		E267B8702667FEBC009979C8 /* NVActivityIndicatorViewExtended */ = {
			isa = XCSwiftPackageProductDependency;
			package = E267B86D2667FEBC009979C8 /* XCRemoteSwiftPackageReference "NVActivityIndicatorView" */;
			productName = NVActivityIndicatorViewExtended;
		};
		E267B8732667FEE8009979C8 /* FloatingPanel */ = {
			isa = XCSwiftPackageProductDependency;
			package = E267B8722667FEE8009979C8 /* XCRemoteSwiftPackageReference "FloatingPanel" */;
			productName = FloatingPanel;
		};
		E267B8762667FF66009979C8 /* SkeletonView */ = {
			isa = XCSwiftPackageProductDependency;
			package = E267B8752667FF66009979C8 /* XCRemoteSwiftPackageReference "SkeletonView" */;
			productName = SkeletonView;
		};
		E284F91F2659A2DD002CB3BF /* Introspect */ = {
			isa = XCSwiftPackageProductDependency;
			package = E284F91E2659A2DD002CB3BF /* XCRemoteSwiftPackageReference "SwiftUI-Introspect" */;
			productName = Introspect;
		};
		E2901FA4264CAC8B003A2C01 /* Shake */ = {
			isa = XCSwiftPackageProductDependency;
			package = E2901FA3264CAC8B003A2C01 /* XCRemoteSwiftPackageReference "shake-ios" */;
			productName = Shake;
		};
		E2901FA9264D77EF003A2C01 /* Trace */ = {
			isa = XCSwiftPackageProductDependency;
			package = E2901FA8264D77EE003A2C01 /* XCRemoteSwiftPackageReference "trace-cocoa-sdk" */;
			productName = Trace;
		};
		E2A07D9A26520BDD0075E271 /* Hue */ = {
			isa = XCSwiftPackageProductDependency;
			package = E2A07D9926520BDD0075E271 /* XCRemoteSwiftPackageReference "Hue" */;
			productName = Hue;
		};
		E2ABEDEF265322670001F0F9 /* HMSegmentedControl */ = {
			isa = XCSwiftPackageProductDependency;
			package = E2ABEDEE265322670001F0F9 /* XCRemoteSwiftPackageReference "HMSegmentedControl" */;
			productName = HMSegmentedControl;
		};
		E2ABEDF4265322FA0001F0F9 /* SnapKit */ = {
			isa = XCSwiftPackageProductDependency;
			package = E2ABEDF3265322FA0001F0F9 /* XCRemoteSwiftPackageReference "SnapKit" */;
			productName = SnapKit;
		};
		E2BDFCA626518CB90075E619 /* Money */ = {
			isa = XCSwiftPackageProductDependency;
			package = E2BDFCA526518CB90075E619 /* XCRemoteSwiftPackageReference "Money" */;
			productName = Money;
		};
		E2C859B326438EE500F93321 /* Cache */ = {
			isa = XCSwiftPackageProductDependency;
			package = E2C859B226438EE500F93321 /* XCRemoteSwiftPackageReference "Cache" */;
			productName = Cache;
		};
/* End XCSwiftPackageProductDependency section */
	};
	rootObject = E2E637A12641A5FB00F872A4 /* Project object */;
}
