// !$*UTF8*$!
{
	archiveVersion = 1;
	classes = {
	};
	objectVersion = 52;
	objects = {

/* Begin PBXAggregateTarget section */
		E2BC41AA267FFCBB00A853D2 /* Unused Code */ = {
			isa = PBXAggregateTarget;
			buildConfigurationList = E2BC41AB267FFCBB00A853D2 /* Build configuration list for PBXAggregateTarget "Unused Code" */;
			buildPhases = (
				E2BC41AE267FFCFE00A853D2 /* ShellScript */,
			);
			dependencies = (
			);
			name = "Unused Code";
			productName = "Unused Code";
		};
/* End PBXAggregateTarget section */

/* Begin PBXBuildFile section */
		E2039B4B265750B3004B3BEF /* Charts in Frameworks */ = {isa = PBXBuildFile; productRef = E2039B4A265750B3004B3BEF /* Charts */; };
		E20A8115267EE3C5001F31A6 /* URLDomain.swift in Sources */ = {isa = PBXBuildFile; fileRef = E2A07D972651C0A20075E271 /* URLDomain.swift */; };
		E20A8116267EE3C5001F31A6 /* NetworkingURLBuilder.swift in Sources */ = {isa = PBXBuildFile; fileRef = E2A07D952651BF270075E271 /* NetworkingURLBuilder.swift */; };
		E2123A602647115400A29222 /* Alamofire in Frameworks */ = {isa = PBXBuildFile; productRef = E2123A5F2647115400A29222 /* Alamofire */; };
		E2123A652647158800A29222 /* SwiftyBeaver in Frameworks */ = {isa = PBXBuildFile; productRef = E2123A642647158800A29222 /* SwiftyBeaver */; };
		E2123A682647198000A29222 /* SwiftyJSON in Frameworks */ = {isa = PBXBuildFile; productRef = E2123A672647198000A29222 /* SwiftyJSON */; };
		E2123A6B26472F9400A29222 /* StockCache.swift in Sources */ = {isa = PBXBuildFile; fileRef = E2123A6A26472F9400A29222 /* StockCache.swift */; };
		E22428A62675168700F399B2 /* PopupView in Frameworks */ = {isa = PBXBuildFile; productRef = E22428A52675168700F399B2 /* PopupView */; };
		E22428A92675170100F399B2 /* ConcentricOnboarding in Frameworks */ = {isa = PBXBuildFile; productRef = E22428A82675170100F399B2 /* ConcentricOnboarding */; };
		E22428AC2675170E00F399B2 /* ActivityIndicatorView in Frameworks */ = {isa = PBXBuildFile; productRef = E22428AB2675170E00F399B2 /* ActivityIndicatorView */; };
		E22A84222669C8B60099F107 /* PartialSheet in Frameworks */ = {isa = PBXBuildFile; productRef = E22A84212669C8B60099F107 /* PartialSheet */; };
		E23B93E42652D52800E039D9 /* SwifterSwift in Frameworks */ = {isa = PBXBuildFile; productRef = E23B93E32652D52800E039D9 /* SwifterSwift */; };
		E23EFB282662A82D0038022B /* MBProgressHUD in Frameworks */ = {isa = PBXBuildFile; productRef = E23EFB272662A82D0038022B /* MBProgressHUD */; };
		E24C4E95268BCA1100C005FC /* Kingfisher in Frameworks */ = {isa = PBXBuildFile; productRef = E24C4E94268BCA1100C005FC /* Kingfisher */; };
		E25A1E9C266D7CAC004D2B24 /* StockStatsView.swift in Sources */ = {isa = PBXBuildFile; fileRef = E25A1E9B266D7CAC004D2B24 /* StockStatsView.swift */; };
		E267B86F2667FEBC009979C8 /* NVActivityIndicatorView in Frameworks */ = {isa = PBXBuildFile; productRef = E267B86E2667FEBC009979C8 /* NVActivityIndicatorView */; };
		E267B8712667FEBC009979C8 /* NVActivityIndicatorViewExtended in Frameworks */ = {isa = PBXBuildFile; productRef = E267B8702667FEBC009979C8 /* NVActivityIndicatorViewExtended */; };
		E267B8742667FEE8009979C8 /* FloatingPanel in Frameworks */ = {isa = PBXBuildFile; productRef = E267B8732667FEE8009979C8 /* FloatingPanel */; };
		E267B8772667FF66009979C8 /* SkeletonView in Frameworks */ = {isa = PBXBuildFile; productRef = E267B8762667FF66009979C8 /* SkeletonView */; };
		E275EDFD264835F000752D8A /* SearchBar.swift in Sources */ = {isa = PBXBuildFile; fileRef = E275EDFC264835F000752D8A /* SearchBar.swift */; };
		E275EDFF26483D6600752D8A /* SearchStockView.swift in Sources */ = {isa = PBXBuildFile; fileRef = E275EDFE26483D6600752D8A /* SearchStockView.swift */; };
		E275EE0326483FE300752D8A /* SearchStockRow.swift in Sources */ = {isa = PBXBuildFile; fileRef = E275EE0226483FE300752D8A /* SearchStockRow.swift */; };
		E2765571267E9104002D13CC /* Color.h in Headers */ = {isa = PBXBuildFile; fileRef = E276556F267E9104002D13CC /* Color.h */; settings = {ATTRIBUTES = (Public, ); }; };
		E2765574267E9104002D13CC /* Color.framework in Frameworks */ = {isa = PBXBuildFile; fileRef = E276556D267E9104002D13CC /* Color.framework */; };
		E2765575267E9104002D13CC /* Color.framework in Embed Frameworks */ = {isa = PBXBuildFile; fileRef = E276556D267E9104002D13CC /* Color.framework */; settings = {ATTRIBUTES = (CodeSignOnCopy, RemoveHeadersOnCopy, ); }; };
		E2765579267E91C5002D13CC /* Colors.swift in Sources */ = {isa = PBXBuildFile; fileRef = E2A07D9D26520BF20075E271 /* Colors.swift */; };
		E276557A267E91C5002D13CC /* UIColor+Theme.swift in Sources */ = {isa = PBXBuildFile; fileRef = E2E2459626572DBE00460D4A /* UIColor+Theme.swift */; };
		E276557B267E91C5002D13CC /* UIColor+CodeName.swift in Sources */ = {isa = PBXBuildFile; fileRef = E2E2459426572D7300460D4A /* UIColor+CodeName.swift */; };
		E2765580267E93FB002D13CC /* Hue in Frameworks */ = {isa = PBXBuildFile; platformFilter = ios; productRef = E276557F267E93FB002D13CC /* Hue */; };
		E276558A267E9470002D13CC /* UI.h in Headers */ = {isa = PBXBuildFile; fileRef = E2765588267E9470002D13CC /* UI.h */; settings = {ATTRIBUTES = (Public, ); }; };
		E276558D267E9470002D13CC /* UI.framework in Frameworks */ = {isa = PBXBuildFile; fileRef = E2765586267E9470002D13CC /* UI.framework */; };
		E276558E267E9470002D13CC /* UI.framework in Embed Frameworks */ = {isa = PBXBuildFile; fileRef = E2765586267E9470002D13CC /* UI.framework */; settings = {ATTRIBUTES = (CodeSignOnCopy, RemoveHeadersOnCopy, ); }; };
		E2765592267E9486002D13CC /* UIViewController+ActivityIndicator.swift in Sources */ = {isa = PBXBuildFile; fileRef = E25A1E99266D64F6004D2B24 /* UIViewController+ActivityIndicator.swift */; };
		E2765594267E94B0002D13CC /* Hue in Frameworks */ = {isa = PBXBuildFile; productRef = E2765593267E94B0002D13CC /* Hue */; };
		E2765595267E94B9002D13CC /* Color.framework in Frameworks */ = {isa = PBXBuildFile; fileRef = E276556D267E9104002D13CC /* Color.framework */; };
		E2765597267E94C3002D13CC /* SnapKit in Frameworks */ = {isa = PBXBuildFile; productRef = E2765596267E94C3002D13CC /* SnapKit */; };
		E276559B267E9505002D13CC /* NVActivityIndicatorView in Frameworks */ = {isa = PBXBuildFile; productRef = E276559A267E9505002D13CC /* NVActivityIndicatorView */; };
		E27C62E42653612000DD063C /* ChartHighlightMarker.swift in Sources */ = {isa = PBXBuildFile; fileRef = E27C62E32653612000DD063C /* ChartHighlightMarker.swift */; };
		E27C72C626603A8100AB008A /* GoogleService-Info.plist in Resources */ = {isa = PBXBuildFile; fileRef = E27C72C526603A7B00AB008A /* GoogleService-Info.plist */; };
		E284F9202659A2DD002CB3BF /* Introspect in Frameworks */ = {isa = PBXBuildFile; productRef = E284F91F2659A2DD002CB3BF /* Introspect */; };
		E2901FA5264CAC8B003A2C01 /* Shake in Frameworks */ = {isa = PBXBuildFile; productRef = E2901FA4264CAC8B003A2C01 /* Shake */; };
		E2901FA7264CD22E003A2C01 /* bitrise_configuration.plist in Resources */ = {isa = PBXBuildFile; fileRef = E2901FA6264CD22E003A2C01 /* bitrise_configuration.plist */; };
		E2901FAA264D77EF003A2C01 /* Trace in Frameworks */ = {isa = PBXBuildFile; productRef = E2901FA9264D77EF003A2C01 /* Trace */; };
		E2A07D9B26520BDD0075E271 /* Hue in Frameworks */ = {isa = PBXBuildFile; productRef = E2A07D9A26520BDD0075E271 /* Hue */; };
		E2ABEDED26531F0A0001F0F9 /* SwiftUIChartViewController.swift in Sources */ = {isa = PBXBuildFile; fileRef = E2ABEDEC26531F0A0001F0F9 /* SwiftUIChartViewController.swift */; };
		E2ABEDF0265322670001F0F9 /* HMSegmentedControl in Frameworks */ = {isa = PBXBuildFile; productRef = E2ABEDEF265322670001F0F9 /* HMSegmentedControl */; };
		E2ABEDF2265322AE0001F0F9 /* ChartViewController.swift in Sources */ = {isa = PBXBuildFile; fileRef = E2ABEDF1265322AE0001F0F9 /* ChartViewController.swift */; };
		E2ABEDF5265322FA0001F0F9 /* SnapKit in Frameworks */ = {isa = PBXBuildFile; productRef = E2ABEDF4265322FA0001F0F9 /* SnapKit */; };
		E2ABEDF72653235A0001F0F9 /* TimeSection.swift in Sources */ = {isa = PBXBuildFile; fileRef = E2ABEDF62653235A0001F0F9 /* TimeSection.swift */; };
		E2ABEDF9265324690001F0F9 /* ChartViewDataSource.swift in Sources */ = {isa = PBXBuildFile; fileRef = E2ABEDF8265324690001F0F9 /* ChartViewDataSource.swift */; };
		E2ABEDFB265324D00001F0F9 /* PriceHistoryDataSource.swift in Sources */ = {isa = PBXBuildFile; fileRef = E2ABEDFA265324D00001F0F9 /* PriceHistoryDataSource.swift */; };
		E2ABEE082653376D0001F0F9 /* ChartCache.swift in Sources */ = {isa = PBXBuildFile; fileRef = E2ABEE072653376D0001F0F9 /* ChartCache.swift */; };
		E2B5EAA32688105D0092663F /* Money+Format.swift in Sources */ = {isa = PBXBuildFile; fileRef = E23B93E02652D38D00E039D9 /* Money+Format.swift */; };
		E2B5EAA5268810F00092663F /* SwifterSwift in Frameworks */ = {isa = PBXBuildFile; productRef = E2B5EAA4268810F00092663F /* SwifterSwift */; };
		E2BC4192267F9C4600A853D2 /* Size.h in Headers */ = {isa = PBXBuildFile; fileRef = E2BC4190267F9C4600A853D2 /* Size.h */; settings = {ATTRIBUTES = (Public, ); }; };
		E2BC4195267F9C4600A853D2 /* Size.framework in Frameworks */ = {isa = PBXBuildFile; fileRef = E2BC418E267F9C4600A853D2 /* Size.framework */; };
		E2BC4196267F9C4600A853D2 /* Size.framework in Embed Frameworks */ = {isa = PBXBuildFile; fileRef = E2BC418E267F9C4600A853D2 /* Size.framework */; settings = {ATTRIBUTES = (CodeSignOnCopy, RemoveHeadersOnCopy, ); }; };
		E2BC419B267F9C8B00A853D2 /* Size.swift in Sources */ = {isa = PBXBuildFile; fileRef = E2BC419A267F9C8B00A853D2 /* Size.swift */; };
		E2BC419D267F9CB900A853D2 /* Size+Basic.swift in Sources */ = {isa = PBXBuildFile; fileRef = E2BC419C267F9CB900A853D2 /* Size+Basic.swift */; };
		E2BDFCA726518CB90075E619 /* Money in Frameworks */ = {isa = PBXBuildFile; productRef = E2BDFCA626518CB90075E619 /* Money */; };
		E2BE76582641FC3300645629 /* StockExpectedPriceInputView.swift in Sources */ = {isa = PBXBuildFile; fileRef = E2BE76572641FC3300645629 /* StockExpectedPriceInputView.swift */; };
		E2BEC7342686A2210001E426 /* Binding+Change.swift in Sources */ = {isa = PBXBuildFile; fileRef = E2BEC7332686A2210001E426 /* Binding+Change.swift */; };
		E2C859B426438EE500F93321 /* Cache in Frameworks */ = {isa = PBXBuildFile; productRef = E2C859B326438EE500F93321 /* Cache */; };
		E2D2B5D026518A9B001B5E32 /* StockDetailsView.swift in Sources */ = {isa = PBXBuildFile; fileRef = E2D2B5CF26518A9B001B5E32 /* StockDetailsView.swift */; };
		E2E637AD2641A5FB00F872A4 /* WaitApp.swift in Sources */ = {isa = PBXBuildFile; fileRef = E2E637AC2641A5FB00F872A4 /* WaitApp.swift */; };
		E2E637AF2641A5FB00F872A4 /* ContentView.swift in Sources */ = {isa = PBXBuildFile; fileRef = E2E637AE2641A5FB00F872A4 /* ContentView.swift */; };
		E2E637B12641A5FD00F872A4 /* Assets.xcassets in Resources */ = {isa = PBXBuildFile; fileRef = E2E637B02641A5FD00F872A4 /* Assets.xcassets */; };
		E2E637B42641A5FD00F872A4 /* Preview Assets.xcassets in Resources */ = {isa = PBXBuildFile; fileRef = E2E637B32641A5FD00F872A4 /* Preview Assets.xcassets */; };
		E2E637C02641A92A00F872A4 /* StockRow.swift in Sources */ = {isa = PBXBuildFile; fileRef = E2E637BF2641A92A00F872A4 /* StockRow.swift */; };
		E2FC1031267E9EB300CD98AF /* Model.h in Headers */ = {isa = PBXBuildFile; fileRef = E2FC102F267E9EB300CD98AF /* Model.h */; settings = {ATTRIBUTES = (Public, ); }; };
		E2FC1034267E9EB300CD98AF /* Model.framework in Frameworks */ = {isa = PBXBuildFile; fileRef = E2FC102D267E9EB300CD98AF /* Model.framework */; };
		E2FC1035267E9EB300CD98AF /* Model.framework in Embed Frameworks */ = {isa = PBXBuildFile; fileRef = E2FC102D267E9EB300CD98AF /* Model.framework */; settings = {ATTRIBUTES = (CodeSignOnCopy, RemoveHeadersOnCopy, ); }; };
		E2FC1039267E9EBF00CD98AF /* Exchange.swift in Sources */ = {isa = PBXBuildFile; fileRef = E25A1E81266BB862004D2B24 /* Exchange.swift */; };
		E2FC103A267E9EBF00CD98AF /* StockOverview.swift in Sources */ = {isa = PBXBuildFile; fileRef = E25A1E9F266DA6F6004D2B24 /* StockOverview.swift */; };
		E2FC103B267E9EBF00CD98AF /* StockQuote.swift in Sources */ = {isa = PBXBuildFile; fileRef = E28E475D265584C800C1D60E /* StockQuote.swift */; };
		E2FC103C267E9EBF00CD98AF /* StockCurrentQuote.swift in Sources */ = {isa = PBXBuildFile; fileRef = E2123A61264713CC00A29222 /* StockCurrentQuote.swift */; };
		E2FC103D267E9EBF00CD98AF /* Stock.swift in Sources */ = {isa = PBXBuildFile; fileRef = E2E637BC2641A7F400F872A4 /* Stock.swift */; };
		E2FC103E267E9EBF00CD98AF /* SearchStock.swift in Sources */ = {isa = PBXBuildFile; fileRef = E275EE0026483EBF00752D8A /* SearchStock.swift */; };
		E2FC1040267E9EE400CD98AF /* Money in Frameworks */ = {isa = PBXBuildFile; productRef = E2FC103F267E9EE400CD98AF /* Money */; };
		E2FC106A267EDF8E00CD98AF /* StockCurrentQuoteNetworkClient.swift in Sources */ = {isa = PBXBuildFile; fileRef = E25A1E9D266DA3EA004D2B24 /* StockCurrentQuoteNetworkClient.swift */; };
		E2FC106B267EDF9300CD98AF /* StockQuoteNetworkClient.swift in Sources */ = {isa = PBXBuildFile; fileRef = E2ABEE0926533DF70001F0F9 /* StockQuoteNetworkClient.swift */; };
		E2FC106C267EDF9700CD98AF /* PriceHistoryNetworkClient.swift in Sources */ = {isa = PBXBuildFile; fileRef = E2ABEE0B26533E1D0001F0F9 /* PriceHistoryNetworkClient.swift */; };
		E2FC106D267EDFA300CD98AF /* StockOverviewNetworkClient.swift in Sources */ = {isa = PBXBuildFile; fileRef = E25A1EA1266DA808004D2B24 /* StockOverviewNetworkClient.swift */; };
		E2FC106E267EE01100CD98AF /* DigitScrollCounter.swift in Sources */ = {isa = PBXBuildFile; fileRef = E25A1E93266D633C004D2B24 /* DigitScrollCounter.swift */; };
		E2FC106F267EE02900CD98AF /* NumberScrollCounter.swift in Sources */ = {isa = PBXBuildFile; fileRef = E25A1E94266D633D004D2B24 /* NumberScrollCounter.swift */; };
		E2FC1070267EE02D00CD98AF /* ScrollableCounter.swift in Sources */ = {isa = PBXBuildFile; fileRef = E25A1E92266D633C004D2B24 /* ScrollableCounter.swift */; };
		E2FC107E267EE38D00CD98AF /* Networking.h in Headers */ = {isa = PBXBuildFile; fileRef = E2FC107C267EE38D00CD98AF /* Networking.h */; settings = {ATTRIBUTES = (Public, ); }; };
		E2FC1081267EE38D00CD98AF /* Networking.framework in Frameworks */ = {isa = PBXBuildFile; fileRef = E2FC107A267EE38D00CD98AF /* Networking.framework */; };
		E2FC1082267EE38D00CD98AF /* Networking.framework in Embed Frameworks */ = {isa = PBXBuildFile; fileRef = E2FC107A267EE38D00CD98AF /* Networking.framework */; settings = {ATTRIBUTES = (CodeSignOnCopy, RemoveHeadersOnCopy, ); }; };
/* End PBXBuildFile section */

/* Begin PBXContainerItemProxy section */
		E2765572267E9104002D13CC /* PBXContainerItemProxy */ = {
			isa = PBXContainerItemProxy;
			containerPortal = E2E637A12641A5FB00F872A4 /* Project object */;
			proxyType = 1;
			remoteGlobalIDString = E276556C267E9104002D13CC;
			remoteInfo = Color;
		};
		E276558B267E9470002D13CC /* PBXContainerItemProxy */ = {
			isa = PBXContainerItemProxy;
			containerPortal = E2E637A12641A5FB00F872A4 /* Project object */;
			proxyType = 1;
			remoteGlobalIDString = E2765585267E9470002D13CC;
			remoteInfo = UI;
		};
		E2BC4193267F9C4600A853D2 /* PBXContainerItemProxy */ = {
			isa = PBXContainerItemProxy;
			containerPortal = E2E637A12641A5FB00F872A4 /* Project object */;
			proxyType = 1;
			remoteGlobalIDString = E2BC418D267F9C4600A853D2;
			remoteInfo = Size;
		};
		E2FC1032267E9EB300CD98AF /* PBXContainerItemProxy */ = {
			isa = PBXContainerItemProxy;
			containerPortal = E2E637A12641A5FB00F872A4 /* Project object */;
			proxyType = 1;
			remoteGlobalIDString = E2FC102C267E9EB300CD98AF;
			remoteInfo = Model;
		};
		E2FC107F267EE38D00CD98AF /* PBXContainerItemProxy */ = {
			isa = PBXContainerItemProxy;
			containerPortal = E2E637A12641A5FB00F872A4 /* Project object */;
			proxyType = 1;
			remoteGlobalIDString = E2FC1079267EE38D00CD98AF;
			remoteInfo = Networking;
		};
/* End PBXContainerItemProxy section */

/* Begin PBXCopyFilesBuildPhase section */
		E2ABEDE126531CCF0001F0F9 /* Embed Frameworks */ = {
			isa = PBXCopyFilesBuildPhase;
			buildActionMask = 2147483647;
			dstPath = "";
			dstSubfolderSpec = 10;
			files = (
				E2FC1082267EE38D00CD98AF /* Networking.framework in Embed Frameworks */,
				E276558E267E9470002D13CC /* UI.framework in Embed Frameworks */,
				E2FC1035267E9EB300CD98AF /* Model.framework in Embed Frameworks */,
				E2BC4196267F9C4600A853D2 /* Size.framework in Embed Frameworks */,
				E2765575267E9104002D13CC /* Color.framework in Embed Frameworks */,
			);
			name = "Embed Frameworks";
			runOnlyForDeploymentPostprocessing = 0;
		};
/* End PBXCopyFilesBuildPhase section */

/* Begin PBXFileReference section */
		E2123A61264713CC00A29222 /* StockCurrentQuote.swift */ = {isa = PBXFileReference; lastKnownFileType = sourcecode.swift; path = StockCurrentQuote.swift; sourceTree = "<group>"; };
		E2123A6A26472F9400A29222 /* StockCache.swift */ = {isa = PBXFileReference; lastKnownFileType = sourcecode.swift; path = StockCache.swift; sourceTree = "<group>"; };
		E23B93E02652D38D00E039D9 /* Money+Format.swift */ = {isa = PBXFileReference; lastKnownFileType = sourcecode.swift; path = "Money+Format.swift"; sourceTree = "<group>"; };
		E25A1E81266BB862004D2B24 /* Exchange.swift */ = {isa = PBXFileReference; lastKnownFileType = sourcecode.swift; path = Exchange.swift; sourceTree = "<group>"; };
		E25A1E92266D633C004D2B24 /* ScrollableCounter.swift */ = {isa = PBXFileReference; fileEncoding = 4; lastKnownFileType = sourcecode.swift; path = ScrollableCounter.swift; sourceTree = "<group>"; };
		E25A1E93266D633C004D2B24 /* DigitScrollCounter.swift */ = {isa = PBXFileReference; fileEncoding = 4; lastKnownFileType = sourcecode.swift; path = DigitScrollCounter.swift; sourceTree = "<group>"; };
		E25A1E94266D633D004D2B24 /* NumberScrollCounter.swift */ = {isa = PBXFileReference; fileEncoding = 4; lastKnownFileType = sourcecode.swift; path = NumberScrollCounter.swift; sourceTree = "<group>"; };
		E25A1E99266D64F6004D2B24 /* UIViewController+ActivityIndicator.swift */ = {isa = PBXFileReference; lastKnownFileType = sourcecode.swift; path = "UIViewController+ActivityIndicator.swift"; sourceTree = "<group>"; };
		E25A1E9B266D7CAC004D2B24 /* StockStatsView.swift */ = {isa = PBXFileReference; lastKnownFileType = sourcecode.swift; path = StockStatsView.swift; sourceTree = "<group>"; };
		E25A1E9D266DA3EA004D2B24 /* StockCurrentQuoteNetworkClient.swift */ = {isa = PBXFileReference; lastKnownFileType = sourcecode.swift; path = StockCurrentQuoteNetworkClient.swift; sourceTree = "<group>"; };
		E25A1E9F266DA6F6004D2B24 /* StockOverview.swift */ = {isa = PBXFileReference; lastKnownFileType = sourcecode.swift; path = StockOverview.swift; sourceTree = "<group>"; };
		E25A1EA1266DA808004D2B24 /* StockOverviewNetworkClient.swift */ = {isa = PBXFileReference; lastKnownFileType = sourcecode.swift; path = StockOverviewNetworkClient.swift; sourceTree = "<group>"; };
		E275EDFC264835F000752D8A /* SearchBar.swift */ = {isa = PBXFileReference; lastKnownFileType = sourcecode.swift; path = SearchBar.swift; sourceTree = "<group>"; };
		E275EDFE26483D6600752D8A /* SearchStockView.swift */ = {isa = PBXFileReference; lastKnownFileType = sourcecode.swift; path = SearchStockView.swift; sourceTree = "<group>"; };
		E275EE0026483EBF00752D8A /* SearchStock.swift */ = {isa = PBXFileReference; lastKnownFileType = sourcecode.swift; path = SearchStock.swift; sourceTree = "<group>"; };
		E275EE0226483FE300752D8A /* SearchStockRow.swift */ = {isa = PBXFileReference; lastKnownFileType = sourcecode.swift; path = SearchStockRow.swift; sourceTree = "<group>"; };
		E276556D267E9104002D13CC /* Color.framework */ = {isa = PBXFileReference; explicitFileType = wrapper.framework; includeInIndex = 0; path = Color.framework; sourceTree = BUILT_PRODUCTS_DIR; };
		E276556F267E9104002D13CC /* Color.h */ = {isa = PBXFileReference; lastKnownFileType = sourcecode.c.h; path = Color.h; sourceTree = "<group>"; };
		E2765570267E9104002D13CC /* Info.plist */ = {isa = PBXFileReference; lastKnownFileType = text.plist.xml; path = Info.plist; sourceTree = "<group>"; };
		E2765586267E9470002D13CC /* UI.framework */ = {isa = PBXFileReference; explicitFileType = wrapper.framework; includeInIndex = 0; path = UI.framework; sourceTree = BUILT_PRODUCTS_DIR; };
		E2765588267E9470002D13CC /* UI.h */ = {isa = PBXFileReference; lastKnownFileType = sourcecode.c.h; path = UI.h; sourceTree = "<group>"; };
		E2765589267E9470002D13CC /* Info.plist */ = {isa = PBXFileReference; lastKnownFileType = text.plist.xml; path = Info.plist; sourceTree = "<group>"; };
		E27C62E32653612000DD063C /* ChartHighlightMarker.swift */ = {isa = PBXFileReference; lastKnownFileType = sourcecode.swift; path = ChartHighlightMarker.swift; sourceTree = "<group>"; };
		E27C72C526603A7B00AB008A /* GoogleService-Info.plist */ = {isa = PBXFileReference; fileEncoding = 4; lastKnownFileType = text.plist.xml; path = "GoogleService-Info.plist"; sourceTree = "<group>"; };
		E28E475D265584C800C1D60E /* StockQuote.swift */ = {isa = PBXFileReference; lastKnownFileType = sourcecode.swift; path = StockQuote.swift; sourceTree = "<group>"; };
		E2901FA6264CD22E003A2C01 /* bitrise_configuration.plist */ = {isa = PBXFileReference; fileEncoding = 4; lastKnownFileType = text.plist.xml; path = bitrise_configuration.plist; sourceTree = "<group>"; };
		E2A07D952651BF270075E271 /* NetworkingURLBuilder.swift */ = {isa = PBXFileReference; lastKnownFileType = sourcecode.swift; path = NetworkingURLBuilder.swift; sourceTree = "<group>"; };
		E2A07D972651C0A20075E271 /* URLDomain.swift */ = {isa = PBXFileReference; lastKnownFileType = sourcecode.swift; path = URLDomain.swift; sourceTree = "<group>"; };
		E2A07D9D26520BF20075E271 /* Colors.swift */ = {isa = PBXFileReference; lastKnownFileType = sourcecode.swift; path = Colors.swift; sourceTree = "<group>"; };
		E2ABEDEC26531F0A0001F0F9 /* SwiftUIChartViewController.swift */ = {isa = PBXFileReference; lastKnownFileType = sourcecode.swift; path = SwiftUIChartViewController.swift; sourceTree = "<group>"; };
		E2ABEDF1265322AE0001F0F9 /* ChartViewController.swift */ = {isa = PBXFileReference; lastKnownFileType = sourcecode.swift; path = ChartViewController.swift; sourceTree = "<group>"; };
		E2ABEDF62653235A0001F0F9 /* TimeSection.swift */ = {isa = PBXFileReference; lastKnownFileType = sourcecode.swift; path = TimeSection.swift; sourceTree = "<group>"; };
		E2ABEDF8265324690001F0F9 /* ChartViewDataSource.swift */ = {isa = PBXFileReference; lastKnownFileType = sourcecode.swift; path = ChartViewDataSource.swift; sourceTree = "<group>"; };
		E2ABEDFA265324D00001F0F9 /* PriceHistoryDataSource.swift */ = {isa = PBXFileReference; lastKnownFileType = sourcecode.swift; path = PriceHistoryDataSource.swift; sourceTree = "<group>"; };
		E2ABEE072653376D0001F0F9 /* ChartCache.swift */ = {isa = PBXFileReference; lastKnownFileType = sourcecode.swift; path = ChartCache.swift; sourceTree = "<group>"; };
		E2ABEE0926533DF70001F0F9 /* StockQuoteNetworkClient.swift */ = {isa = PBXFileReference; lastKnownFileType = sourcecode.swift; path = StockQuoteNetworkClient.swift; sourceTree = "<group>"; };
		E2ABEE0B26533E1D0001F0F9 /* PriceHistoryNetworkClient.swift */ = {isa = PBXFileReference; lastKnownFileType = sourcecode.swift; path = PriceHistoryNetworkClient.swift; sourceTree = "<group>"; };
		E2BC418E267F9C4600A853D2 /* Size.framework */ = {isa = PBXFileReference; explicitFileType = wrapper.framework; includeInIndex = 0; path = Size.framework; sourceTree = BUILT_PRODUCTS_DIR; };
		E2BC4190267F9C4600A853D2 /* Size.h */ = {isa = PBXFileReference; lastKnownFileType = sourcecode.c.h; path = Size.h; sourceTree = "<group>"; };
		E2BC4191267F9C4600A853D2 /* Info.plist */ = {isa = PBXFileReference; lastKnownFileType = text.plist.xml; path = Info.plist; sourceTree = "<group>"; };
		E2BC419A267F9C8B00A853D2 /* Size.swift */ = {isa = PBXFileReference; lastKnownFileType = sourcecode.swift; path = Size.swift; sourceTree = "<group>"; };
		E2BC419C267F9CB900A853D2 /* Size+Basic.swift */ = {isa = PBXFileReference; lastKnownFileType = sourcecode.swift; path = "Size+Basic.swift"; sourceTree = "<group>"; };
		E2BE76572641FC3300645629 /* StockExpectedPriceInputView.swift */ = {isa = PBXFileReference; lastKnownFileType = sourcecode.swift; path = StockExpectedPriceInputView.swift; sourceTree = "<group>"; };
		E2BEC7332686A2210001E426 /* Binding+Change.swift */ = {isa = PBXFileReference; lastKnownFileType = sourcecode.swift; path = "Binding+Change.swift"; sourceTree = "<group>"; };
		E2D2B5CF26518A9B001B5E32 /* StockDetailsView.swift */ = {isa = PBXFileReference; lastKnownFileType = sourcecode.swift; path = StockDetailsView.swift; sourceTree = "<group>"; };
		E2E2459426572D7300460D4A /* UIColor+CodeName.swift */ = {isa = PBXFileReference; lastKnownFileType = sourcecode.swift; path = "UIColor+CodeName.swift"; sourceTree = "<group>"; };
		E2E2459626572DBE00460D4A /* UIColor+Theme.swift */ = {isa = PBXFileReference; lastKnownFileType = sourcecode.swift; path = "UIColor+Theme.swift"; sourceTree = "<group>"; };
		E2E637A92641A5FB00F872A4 /* Wait.app */ = {isa = PBXFileReference; explicitFileType = wrapper.application; includeInIndex = 0; path = Wait.app; sourceTree = BUILT_PRODUCTS_DIR; };
		E2E637AC2641A5FB00F872A4 /* WaitApp.swift */ = {isa = PBXFileReference; lastKnownFileType = sourcecode.swift; path = WaitApp.swift; sourceTree = "<group>"; };
		E2E637AE2641A5FB00F872A4 /* ContentView.swift */ = {isa = PBXFileReference; lastKnownFileType = sourcecode.swift; path = ContentView.swift; sourceTree = "<group>"; };
		E2E637B02641A5FD00F872A4 /* Assets.xcassets */ = {isa = PBXFileReference; lastKnownFileType = folder.assetcatalog; path = Assets.xcassets; sourceTree = "<group>"; };
		E2E637B32641A5FD00F872A4 /* Preview Assets.xcassets */ = {isa = PBXFileReference; lastKnownFileType = folder.assetcatalog; path = "Preview Assets.xcassets"; sourceTree = "<group>"; };
		E2E637B52641A5FD00F872A4 /* Info.plist */ = {isa = PBXFileReference; lastKnownFileType = text.plist.xml; path = Info.plist; sourceTree = "<group>"; };
		E2E637BC2641A7F400F872A4 /* Stock.swift */ = {isa = PBXFileReference; lastKnownFileType = sourcecode.swift; path = Stock.swift; sourceTree = "<group>"; };
		E2E637BF2641A92A00F872A4 /* StockRow.swift */ = {isa = PBXFileReference; lastKnownFileType = sourcecode.swift; path = StockRow.swift; sourceTree = "<group>"; };
		E2FC102D267E9EB300CD98AF /* Model.framework */ = {isa = PBXFileReference; explicitFileType = wrapper.framework; includeInIndex = 0; path = Model.framework; sourceTree = BUILT_PRODUCTS_DIR; };
		E2FC102F267E9EB300CD98AF /* Model.h */ = {isa = PBXFileReference; lastKnownFileType = sourcecode.c.h; path = Model.h; sourceTree = "<group>"; };
		E2FC1030267E9EB300CD98AF /* Info.plist */ = {isa = PBXFileReference; lastKnownFileType = text.plist.xml; path = Info.plist; sourceTree = "<group>"; };
		E2FC107A267EE38D00CD98AF /* Networking.framework */ = {isa = PBXFileReference; explicitFileType = wrapper.framework; includeInIndex = 0; path = Networking.framework; sourceTree = BUILT_PRODUCTS_DIR; };
		E2FC107C267EE38D00CD98AF /* Networking.h */ = {isa = PBXFileReference; lastKnownFileType = sourcecode.c.h; path = Networking.h; sourceTree = "<group>"; };
		E2FC107D267EE38D00CD98AF /* Info.plist */ = {isa = PBXFileReference; lastKnownFileType = text.plist.xml; path = Info.plist; sourceTree = "<group>"; };
/* End PBXFileReference section */

/* Begin PBXFrameworksBuildPhase section */
		E276556A267E9104002D13CC /* Frameworks */ = {
			isa = PBXFrameworksBuildPhase;
			buildActionMask = 2147483647;
			files = (
				E2765580267E93FB002D13CC /* Hue in Frameworks */,
			);
			runOnlyForDeploymentPostprocessing = 0;
		};
		E2765583267E9470002D13CC /* Frameworks */ = {
			isa = PBXFrameworksBuildPhase;
			buildActionMask = 2147483647;
			files = (
				E2765597267E94C3002D13CC /* SnapKit in Frameworks */,
				E276559B267E9505002D13CC /* NVActivityIndicatorView in Frameworks */,
				E2765595267E94B9002D13CC /* Color.framework in Frameworks */,
				E2765594267E94B0002D13CC /* Hue in Frameworks */,
			);
			runOnlyForDeploymentPostprocessing = 0;
		};
		E2BC418B267F9C4600A853D2 /* Frameworks */ = {
			isa = PBXFrameworksBuildPhase;
			buildActionMask = 2147483647;
			files = (
			);
			runOnlyForDeploymentPostprocessing = 0;
		};
		E2E637A62641A5FB00F872A4 /* Frameworks */ = {
			isa = PBXFrameworksBuildPhase;
			buildActionMask = 2147483647;
			files = (
				E22428A92675170100F399B2 /* ConcentricOnboarding in Frameworks */,
				E2901FAA264D77EF003A2C01 /* Trace in Frameworks */,
				E22428AC2675170E00F399B2 /* ActivityIndicatorView in Frameworks */,
				E284F9202659A2DD002CB3BF /* Introspect in Frameworks */,
				E2FC1081267EE38D00CD98AF /* Networking.framework in Frameworks */,
				E2ABEDF5265322FA0001F0F9 /* SnapKit in Frameworks */,
				E2FC1034267E9EB300CD98AF /* Model.framework in Frameworks */,
				E2C859B426438EE500F93321 /* Cache in Frameworks */,
				E2BC4195267F9C4600A853D2 /* Size.framework in Frameworks */,
				E2123A602647115400A29222 /* Alamofire in Frameworks */,
				E23B93E42652D52800E039D9 /* SwifterSwift in Frameworks */,
				E2BDFCA726518CB90075E619 /* Money in Frameworks */,
				E2765574267E9104002D13CC /* Color.framework in Frameworks */,
				E22A84222669C8B60099F107 /* PartialSheet in Frameworks */,
				E2123A682647198000A29222 /* SwiftyJSON in Frameworks */,
				E2039B4B265750B3004B3BEF /* Charts in Frameworks */,
				E24C4E95268BCA1100C005FC /* Kingfisher in Frameworks */,
				E267B8712667FEBC009979C8 /* NVActivityIndicatorViewExtended in Frameworks */,
				E2ABEDF0265322670001F0F9 /* HMSegmentedControl in Frameworks */,
				E276558D267E9470002D13CC /* UI.framework in Frameworks */,
				E23EFB282662A82D0038022B /* MBProgressHUD in Frameworks */,
				E267B86F2667FEBC009979C8 /* NVActivityIndicatorView in Frameworks */,
				E22428A62675168700F399B2 /* PopupView in Frameworks */,
				E2A07D9B26520BDD0075E271 /* Hue in Frameworks */,
				E267B8742667FEE8009979C8 /* FloatingPanel in Frameworks */,
				E2123A652647158800A29222 /* SwiftyBeaver in Frameworks */,
				E267B8772667FF66009979C8 /* SkeletonView in Frameworks */,
				E2901FA5264CAC8B003A2C01 /* Shake in Frameworks */,
			);
			runOnlyForDeploymentPostprocessing = 0;
		};
		E2FC102A267E9EB300CD98AF /* Frameworks */ = {
			isa = PBXFrameworksBuildPhase;
			buildActionMask = 2147483647;
			files = (
				E2FC1040267E9EE400CD98AF /* Money in Frameworks */,
				E2B5EAA5268810F00092663F /* SwifterSwift in Frameworks */,
			);
			runOnlyForDeploymentPostprocessing = 0;
		};
		E2FC1077267EE38D00CD98AF /* Frameworks */ = {
			isa = PBXFrameworksBuildPhase;
			buildActionMask = 2147483647;
			files = (
			);
			runOnlyForDeploymentPostprocessing = 0;
		};
/* End PBXFrameworksBuildPhase section */

/* Begin PBXGroup section */
		E2123A6926472F7F00A29222 /* Cache */ = {
			isa = PBXGroup;
			children = (
				E2123A6A26472F9400A29222 /* StockCache.swift */,
			);
			path = Cache;
			sourceTree = "<group>";
		};
		E276556E267E9104002D13CC /* Color */ = {
			isa = PBXGroup;
			children = (
				E2A07D9D26520BF20075E271 /* Colors.swift */,
				E2E2459426572D7300460D4A /* UIColor+CodeName.swift */,
				E2E2459626572DBE00460D4A /* UIColor+Theme.swift */,
				E276556F267E9104002D13CC /* Color.h */,
				E2765570267E9104002D13CC /* Info.plist */,
			);
			path = Color;
			sourceTree = "<group>";
		};
		E276557E267E93FB002D13CC /* Frameworks */ = {
			isa = PBXGroup;
			children = (
			);
			name = Frameworks;
			sourceTree = "<group>";
		};
		E2765587267E9470002D13CC /* UI */ = {
			isa = PBXGroup;
			children = (
				E2FC1071267EE03800CD98AF /* NumberScroll */,
				E2FC1072267EE05A00CD98AF /* Loading */,
				E2765588267E9470002D13CC /* UI.h */,
				E2765589267E9470002D13CC /* Info.plist */,
			);
			path = UI;
			sourceTree = "<group>";
		};
		E2ABEDEB26531EF40001F0F9 /* Charts */ = {
			isa = PBXGroup;
			children = (
				E2ABEDEC26531F0A0001F0F9 /* SwiftUIChartViewController.swift */,
				E2ABEDF1265322AE0001F0F9 /* ChartViewController.swift */,
				E2ABEDF62653235A0001F0F9 /* TimeSection.swift */,
				E2ABEDF8265324690001F0F9 /* ChartViewDataSource.swift */,
				E2ABEDFA265324D00001F0F9 /* PriceHistoryDataSource.swift */,
				E2ABEE072653376D0001F0F9 /* ChartCache.swift */,
				E27C62E32653612000DD063C /* ChartHighlightMarker.swift */,
			);
			path = Charts;
			sourceTree = "<group>";
		};
		E2BC418F267F9C4600A853D2 /* Size */ = {
			isa = PBXGroup;
			children = (
				E2BC4190267F9C4600A853D2 /* Size.h */,
				E2BC4191267F9C4600A853D2 /* Info.plist */,
				E2BC419A267F9C8B00A853D2 /* Size.swift */,
				E2BC419C267F9CB900A853D2 /* Size+Basic.swift */,
			);
			path = Size;
			sourceTree = "<group>";
		};
		E2BEC7322686A1EF0001E426 /* Extension */ = {
			isa = PBXGroup;
			children = (
				E2BEC7332686A2210001E426 /* Binding+Change.swift */,
			);
			path = Extension;
			sourceTree = "<group>";
		};
		E2E637A02641A5FB00F872A4 = {
			isa = PBXGroup;
			children = (
				E27C72C526603A7B00AB008A /* GoogleService-Info.plist */,
				E2901FA6264CD22E003A2C01 /* bitrise_configuration.plist */,
				E2E637AB2641A5FB00F872A4 /* Wait */,
				E276556E267E9104002D13CC /* Color */,
				E2765587267E9470002D13CC /* UI */,
				E2FC102E267E9EB300CD98AF /* Model */,
				E2FC107B267EE38D00CD98AF /* Networking */,
				E2BC418F267F9C4600A853D2 /* Size */,
				E2E637AA2641A5FB00F872A4 /* Products */,
				E276557E267E93FB002D13CC /* Frameworks */,
			);
			sourceTree = "<group>";
		};
		E2E637AA2641A5FB00F872A4 /* Products */ = {
			isa = PBXGroup;
			children = (
				E2E637A92641A5FB00F872A4 /* Wait.app */,
				E276556D267E9104002D13CC /* Color.framework */,
				E2765586267E9470002D13CC /* UI.framework */,
				E2FC102D267E9EB300CD98AF /* Model.framework */,
				E2FC107A267EE38D00CD98AF /* Networking.framework */,
				E2BC418E267F9C4600A853D2 /* Size.framework */,
			);
			name = Products;
			sourceTree = "<group>";
		};
		E2E637AB2641A5FB00F872A4 /* Wait */ = {
			isa = PBXGroup;
			children = (
				E2E637AC2641A5FB00F872A4 /* WaitApp.swift */,
				E2BEC7322686A1EF0001E426 /* Extension */,
				E2FC1069267EDF0400CD98AF /* Network */,
				E2ABEDEB26531EF40001F0F9 /* Charts */,
				E2123A6926472F7F00A29222 /* Cache */,
				E2E637BE2641A90E00F872A4 /* View */,
				E2E637B02641A5FD00F872A4 /* Assets.xcassets */,
				E2E637B52641A5FD00F872A4 /* Info.plist */,
				E2E637B22641A5FD00F872A4 /* Preview Content */,
			);
			path = Wait;
			sourceTree = "<group>";
		};
		E2E637B22641A5FD00F872A4 /* Preview Content */ = {
			isa = PBXGroup;
			children = (
				E2E637B32641A5FD00F872A4 /* Preview Assets.xcassets */,
			);
			path = "Preview Content";
			sourceTree = "<group>";
		};
		E2E637BE2641A90E00F872A4 /* View */ = {
			isa = PBXGroup;
			children = (
				E2E637AE2641A5FB00F872A4 /* ContentView.swift */,
				E2E637BF2641A92A00F872A4 /* StockRow.swift */,
				E2BE76572641FC3300645629 /* StockExpectedPriceInputView.swift */,
				E275EDFC264835F000752D8A /* SearchBar.swift */,
				E275EDFE26483D6600752D8A /* SearchStockView.swift */,
				E275EE0226483FE300752D8A /* SearchStockRow.swift */,
				E2D2B5CF26518A9B001B5E32 /* StockDetailsView.swift */,
				E25A1E9B266D7CAC004D2B24 /* StockStatsView.swift */,
			);
			path = View;
			sourceTree = "<group>";
		};
		E2FC102E267E9EB300CD98AF /* Model */ = {
			isa = PBXGroup;
			children = (
				E23B93E02652D38D00E039D9 /* Money+Format.swift */,
				E2E637BC2641A7F400F872A4 /* Stock.swift */,
				E2123A61264713CC00A29222 /* StockCurrentQuote.swift */,
				E275EE0026483EBF00752D8A /* SearchStock.swift */,
				E28E475D265584C800C1D60E /* StockQuote.swift */,
				E25A1E81266BB862004D2B24 /* Exchange.swift */,
				E25A1E9F266DA6F6004D2B24 /* StockOverview.swift */,
				E2FC102F267E9EB300CD98AF /* Model.h */,
				E2FC1030267E9EB300CD98AF /* Info.plist */,
			);
			path = Model;
			sourceTree = "<group>";
		};
		E2FC1069267EDF0400CD98AF /* Network */ = {
			isa = PBXGroup;
			children = (
				E2ABEE0B26533E1D0001F0F9 /* PriceHistoryNetworkClient.swift */,
				E25A1EA1266DA808004D2B24 /* StockOverviewNetworkClient.swift */,
				E25A1E9D266DA3EA004D2B24 /* StockCurrentQuoteNetworkClient.swift */,
				E2ABEE0926533DF70001F0F9 /* StockQuoteNetworkClient.swift */,
			);
			path = Network;
			sourceTree = "<group>";
		};
		E2FC1071267EE03800CD98AF /* NumberScroll */ = {
			isa = PBXGroup;
			children = (
				E25A1E92266D633C004D2B24 /* ScrollableCounter.swift */,
				E25A1E94266D633D004D2B24 /* NumberScrollCounter.swift */,
				E25A1E93266D633C004D2B24 /* DigitScrollCounter.swift */,
			);
			path = NumberScroll;
			sourceTree = "<group>";
		};
		E2FC1072267EE05A00CD98AF /* Loading */ = {
			isa = PBXGroup;
			children = (
				E25A1E99266D64F6004D2B24 /* UIViewController+ActivityIndicator.swift */,
			);
			path = Loading;
			sourceTree = "<group>";
		};
		E2FC107B267EE38D00CD98AF /* Networking */ = {
			isa = PBXGroup;
			children = (
				E2A07D952651BF270075E271 /* NetworkingURLBuilder.swift */,
				E2A07D972651C0A20075E271 /* URLDomain.swift */,
				E2FC107C267EE38D00CD98AF /* Networking.h */,
				E2FC107D267EE38D00CD98AF /* Info.plist */,
			);
			path = Networking;
			sourceTree = "<group>";
		};
/* End PBXGroup section */

/* Begin PBXHeadersBuildPhase section */
		E2765568267E9104002D13CC /* Headers */ = {
			isa = PBXHeadersBuildPhase;
			buildActionMask = 2147483647;
			files = (
				E2765571267E9104002D13CC /* Color.h in Headers */,
			);
			runOnlyForDeploymentPostprocessing = 0;
		};
		E2765581267E9470002D13CC /* Headers */ = {
			isa = PBXHeadersBuildPhase;
			buildActionMask = 2147483647;
			files = (
				E276558A267E9470002D13CC /* UI.h in Headers */,
			);
			runOnlyForDeploymentPostprocessing = 0;
		};
		E2BC4189267F9C4600A853D2 /* Headers */ = {
			isa = PBXHeadersBuildPhase;
			buildActionMask = 2147483647;
			files = (
				E2BC4192267F9C4600A853D2 /* Size.h in Headers */,
			);
			runOnlyForDeploymentPostprocessing = 0;
		};
		E2FC1028267E9EB300CD98AF /* Headers */ = {
			isa = PBXHeadersBuildPhase;
			buildActionMask = 2147483647;
			files = (
				E2FC1031267E9EB300CD98AF /* Model.h in Headers */,
			);
			runOnlyForDeploymentPostprocessing = 0;
		};
		E2FC1075267EE38D00CD98AF /* Headers */ = {
			isa = PBXHeadersBuildPhase;
			buildActionMask = 2147483647;
			files = (
				E2FC107E267EE38D00CD98AF /* Networking.h in Headers */,
			);
			runOnlyForDeploymentPostprocessing = 0;
		};
/* End PBXHeadersBuildPhase section */

/* Begin PBXNativeTarget section */
		E276556C267E9104002D13CC /* Color */ = {
			isa = PBXNativeTarget;
			buildConfigurationList = E2765578267E9104002D13CC /* Build configuration list for PBXNativeTarget "Color" */;
			buildPhases = (
				E2765568267E9104002D13CC /* Headers */,
				E2765569267E9104002D13CC /* Sources */,
				E276556A267E9104002D13CC /* Frameworks */,
				E276556B267E9104002D13CC /* Resources */,
			);
			buildRules = (
			);
			dependencies = (
			);
			name = Color;
			packageProductDependencies = (
				E276557F267E93FB002D13CC /* Hue */,
			);
			productName = Color;
			productReference = E276556D267E9104002D13CC /* Color.framework */;
			productType = "com.apple.product-type.framework";
		};
		E2765585267E9470002D13CC /* UI */ = {
			isa = PBXNativeTarget;
			buildConfigurationList = E276558F267E9470002D13CC /* Build configuration list for PBXNativeTarget "UI" */;
			buildPhases = (
				E2765581267E9470002D13CC /* Headers */,
				E2765582267E9470002D13CC /* Sources */,
				E2765583267E9470002D13CC /* Frameworks */,
				E2765584267E9470002D13CC /* Resources */,
			);
			buildRules = (
			);
			dependencies = (
			);
			name = UI;
			packageProductDependencies = (
				E2765593267E94B0002D13CC /* Hue */,
				E2765596267E94C3002D13CC /* SnapKit */,
				E276559A267E9505002D13CC /* NVActivityIndicatorView */,
			);
			productName = UI;
			productReference = E2765586267E9470002D13CC /* UI.framework */;
			productType = "com.apple.product-type.framework";
		};
		E2BC418D267F9C4600A853D2 /* Size */ = {
			isa = PBXNativeTarget;
			buildConfigurationList = E2BC4199267F9C4600A853D2 /* Build configuration list for PBXNativeTarget "Size" */;
			buildPhases = (
				E2BC4189267F9C4600A853D2 /* Headers */,
				E2BC418A267F9C4600A853D2 /* Sources */,
				E2BC418B267F9C4600A853D2 /* Frameworks */,
				E2BC418C267F9C4600A853D2 /* Resources */,
			);
			buildRules = (
			);
			dependencies = (
			);
			name = Size;
			productName = Size;
			productReference = E2BC418E267F9C4600A853D2 /* Size.framework */;
			productType = "com.apple.product-type.framework";
		};
		E2E637A82641A5FB00F872A4 /* Wait */ = {
			isa = PBXNativeTarget;
			buildConfigurationList = E2E637B82641A5FD00F872A4 /* Build configuration list for PBXNativeTarget "Wait" */;
			buildPhases = (
				E2E637A52641A5FB00F872A4 /* Sources */,
				E2E637A62641A5FB00F872A4 /* Frameworks */,
				E2E637A72641A5FB00F872A4 /* Resources */,
				E2ABEDE126531CCF0001F0F9 /* Embed Frameworks */,
			);
			buildRules = (
			);
			dependencies = (
				E2765573267E9104002D13CC /* PBXTargetDependency */,
				E276558C267E9470002D13CC /* PBXTargetDependency */,
				E2FC1033267E9EB300CD98AF /* PBXTargetDependency */,
				E2FC1080267EE38D00CD98AF /* PBXTargetDependency */,
				E2BC4194267F9C4600A853D2 /* PBXTargetDependency */,
			);
			name = Wait;
			packageProductDependencies = (
				E2C859B326438EE500F93321 /* Cache */,
				E2123A5F2647115400A29222 /* Alamofire */,
				E2123A642647158800A29222 /* SwiftyBeaver */,
				E2123A672647198000A29222 /* SwiftyJSON */,
				E2901FA4264CAC8B003A2C01 /* Shake */,
				E2901FA9264D77EF003A2C01 /* Trace */,
				E2BDFCA626518CB90075E619 /* Money */,
				E2A07D9A26520BDD0075E271 /* Hue */,
				E23B93E32652D52800E039D9 /* SwifterSwift */,
				E2ABEDEF265322670001F0F9 /* HMSegmentedControl */,
				E2ABEDF4265322FA0001F0F9 /* SnapKit */,
				E2039B4A265750B3004B3BEF /* Charts */,
				E284F91F2659A2DD002CB3BF /* Introspect */,
				E23EFB272662A82D0038022B /* MBProgressHUD */,
				E267B86E2667FEBC009979C8 /* NVActivityIndicatorView */,
				E267B8702667FEBC009979C8 /* NVActivityIndicatorViewExtended */,
				E267B8732667FEE8009979C8 /* FloatingPanel */,
				E267B8762667FF66009979C8 /* SkeletonView */,
				E22A84212669C8B60099F107 /* PartialSheet */,
				E22428A52675168700F399B2 /* PopupView */,
				E22428A82675170100F399B2 /* ConcentricOnboarding */,
				E22428AB2675170E00F399B2 /* ActivityIndicatorView */,
				E24C4E94268BCA1100C005FC /* Kingfisher */,
			);
			productName = Wait;
			productReference = E2E637A92641A5FB00F872A4 /* Wait.app */;
			productType = "com.apple.product-type.application";
		};
		E2FC102C267E9EB300CD98AF /* Model */ = {
			isa = PBXNativeTarget;
			buildConfigurationList = E2FC1038267E9EB300CD98AF /* Build configuration list for PBXNativeTarget "Model" */;
			buildPhases = (
				E2FC1028267E9EB300CD98AF /* Headers */,
				E2FC1029267E9EB300CD98AF /* Sources */,
				E2FC102A267E9EB300CD98AF /* Frameworks */,
				E2FC102B267E9EB300CD98AF /* Resources */,
			);
			buildRules = (
			);
			dependencies = (
			);
			name = Model;
			packageProductDependencies = (
				E2FC103F267E9EE400CD98AF /* Money */,
				E2B5EAA4268810F00092663F /* SwifterSwift */,
			);
			productName = Model;
			productReference = E2FC102D267E9EB300CD98AF /* Model.framework */;
			productType = "com.apple.product-type.framework";
		};
		E2FC1079267EE38D00CD98AF /* Networking */ = {
			isa = PBXNativeTarget;
			buildConfigurationList = E2FC1083267EE38D00CD98AF /* Build configuration list for PBXNativeTarget "Networking" */;
			buildPhases = (
				E2FC1075267EE38D00CD98AF /* Headers */,
				E2FC1076267EE38D00CD98AF /* Sources */,
				E2FC1077267EE38D00CD98AF /* Frameworks */,
				E2FC1078267EE38D00CD98AF /* Resources */,
			);
			buildRules = (
			);
			dependencies = (
			);
			name = Networking;
			productName = Networking;
			productReference = E2FC107A267EE38D00CD98AF /* Networking.framework */;
			productType = "com.apple.product-type.framework";
		};
/* End PBXNativeTarget section */

/* Begin PBXProject section */
		E2E637A12641A5FB00F872A4 /* Project object */ = {
			isa = PBXProject;
			attributes = {
				LastSwiftUpdateCheck = 1250;
				LastUpgradeCheck = 1250;
				TargetAttributes = {
					E276556C267E9104002D13CC = {
						CreatedOnToolsVersion = 12.5;
					};
					E2765585267E9470002D13CC = {
						CreatedOnToolsVersion = 12.5;
					};
					E2BC418D267F9C4600A853D2 = {
						CreatedOnToolsVersion = 12.5;
						LastSwiftMigration = 1250;
					};
					E2BC41AA267FFCBB00A853D2 = {
						CreatedOnToolsVersion = 12.5;
					};
					E2E637A82641A5FB00F872A4 = {
						CreatedOnToolsVersion = 12.5;
					};
					E2FC102C267E9EB300CD98AF = {
						CreatedOnToolsVersion = 12.5;
					};
					E2FC1079267EE38D00CD98AF = {
						CreatedOnToolsVersion = 12.5;
					};
				};
			};
			buildConfigurationList = E2E637A42641A5FB00F872A4 /* Build configuration list for PBXProject "Wait" */;
			compatibilityVersion = "Xcode 9.3";
			developmentRegion = en;
			hasScannedForEncodings = 0;
			knownRegions = (
				en,
				Base,
			);
			mainGroup = E2E637A02641A5FB00F872A4;
			packageReferences = (
				E2C859B226438EE500F93321 /* XCRemoteSwiftPackageReference "Cache" */,
				E2123A5E2647115400A29222 /* XCRemoteSwiftPackageReference "Alamofire" */,
				E2123A632647158800A29222 /* XCRemoteSwiftPackageReference "SwiftyBeaver" */,
				E2123A662647198000A29222 /* XCRemoteSwiftPackageReference "SwiftyJSON" */,
				E2901FA3264CAC8B003A2C01 /* XCRemoteSwiftPackageReference "shake-ios" */,
				E2901FA8264D77EE003A2C01 /* XCRemoteSwiftPackageReference "trace-cocoa-sdk" */,
				E2BDFCA526518CB90075E619 /* XCRemoteSwiftPackageReference "Money" */,
				E2A07D9926520BDD0075E271 /* XCRemoteSwiftPackageReference "Hue" */,
				E23B93E22652D52800E039D9 /* XCRemoteSwiftPackageReference "SwifterSwift" */,
				E2ABEDEE265322670001F0F9 /* XCRemoteSwiftPackageReference "HMSegmentedControl" */,
				E2ABEDF3265322FA0001F0F9 /* XCRemoteSwiftPackageReference "SnapKit" */,
				E2039B49265750B3004B3BEF /* XCRemoteSwiftPackageReference "Charts" */,
				E284F91E2659A2DD002CB3BF /* XCRemoteSwiftPackageReference "SwiftUI-Introspect" */,
				E23EFB262662A82D0038022B /* XCRemoteSwiftPackageReference "MBProgressHUD" */,
				E267B86D2667FEBC009979C8 /* XCRemoteSwiftPackageReference "NVActivityIndicatorView" */,
				E267B8722667FEE8009979C8 /* XCRemoteSwiftPackageReference "FloatingPanel" */,
				E267B8752667FF66009979C8 /* XCRemoteSwiftPackageReference "SkeletonView" */,
				E22A84202669C8B60099F107 /* XCRemoteSwiftPackageReference "PartialSheet" */,
				E22428A42675168700F399B2 /* XCRemoteSwiftPackageReference "PopupView" */,
				E22428A72675170100F399B2 /* XCRemoteSwiftPackageReference "ConcentricOnboarding" */,
				E22428AA2675170E00F399B2 /* XCRemoteSwiftPackageReference "ActivityIndicatorView" */,
				E2BC41A9267FFC7400A853D2 /* XCRemoteSwiftPackageReference "periphery" */,
				E24C4E93268BCA1100C005FC /* XCRemoteSwiftPackageReference "Kingfisher" */,
			);
			productRefGroup = E2E637AA2641A5FB00F872A4 /* Products */;
			projectDirPath = "";
			projectRoot = "";
			targets = (
				E2E637A82641A5FB00F872A4 /* Wait */,
				E276556C267E9104002D13CC /* Color */,
				E2765585267E9470002D13CC /* UI */,
				E2FC102C267E9EB300CD98AF /* Model */,
				E2FC1079267EE38D00CD98AF /* Networking */,
				E2BC418D267F9C4600A853D2 /* Size */,
				E2BC41AA267FFCBB00A853D2 /* Unused Code */,
			);
		};
/* End PBXProject section */

/* Begin PBXResourcesBuildPhase section */
		E276556B267E9104002D13CC /* Resources */ = {
			isa = PBXResourcesBuildPhase;
			buildActionMask = 2147483647;
			files = (
			);
			runOnlyForDeploymentPostprocessing = 0;
		};
		E2765584267E9470002D13CC /* Resources */ = {
			isa = PBXResourcesBuildPhase;
			buildActionMask = 2147483647;
			files = (
			);
			runOnlyForDeploymentPostprocessing = 0;
		};
		E2BC418C267F9C4600A853D2 /* Resources */ = {
			isa = PBXResourcesBuildPhase;
			buildActionMask = 2147483647;
			files = (
			);
			runOnlyForDeploymentPostprocessing = 0;
		};
		E2E637A72641A5FB00F872A4 /* Resources */ = {
			isa = PBXResourcesBuildPhase;
			buildActionMask = 2147483647;
			files = (
				E2E637B42641A5FD00F872A4 /* Preview Assets.xcassets in Resources */,
				E27C72C626603A8100AB008A /* GoogleService-Info.plist in Resources */,
				E2E637B12641A5FD00F872A4 /* Assets.xcassets in Resources */,
				E2901FA7264CD22E003A2C01 /* bitrise_configuration.plist in Resources */,
			);
			runOnlyForDeploymentPostprocessing = 0;
		};
		E2FC102B267E9EB300CD98AF /* Resources */ = {
			isa = PBXResourcesBuildPhase;
			buildActionMask = 2147483647;
			files = (
			);
			runOnlyForDeploymentPostprocessing = 0;
		};
		E2FC1078267EE38D00CD98AF /* Resources */ = {
			isa = PBXResourcesBuildPhase;
			buildActionMask = 2147483647;
			files = (
			);
			runOnlyForDeploymentPostprocessing = 0;
		};
/* End PBXResourcesBuildPhase section */

/* Begin PBXShellScriptBuildPhase section */
		E2BC41AE267FFCFE00A853D2 /* ShellScript */ = {
			isa = PBXShellScriptBuildPhase;
			buildActionMask = 2147483647;
			files = (
			);
			inputFileListPaths = (
			);
			inputPaths = (
			);
			outputFileListPaths = (
			);
			outputPaths = (
			);
			runOnlyForDeploymentPostprocessing = 0;
			shellPath = /bin/sh;
			shellScript = "periphery scan --project Wait.xcodeproj --schemes Wait --targets Wait --format xcode\n";
		};
/* End PBXShellScriptBuildPhase section */

/* Begin PBXSourcesBuildPhase section */
		E2765569267E9104002D13CC /* Sources */ = {
			isa = PBXSourcesBuildPhase;
			buildActionMask = 2147483647;
			files = (
				E2765579267E91C5002D13CC /* Colors.swift in Sources */,
				E276557A267E91C5002D13CC /* UIColor+Theme.swift in Sources */,
				E276557B267E91C5002D13CC /* UIColor+CodeName.swift in Sources */,
			);
			runOnlyForDeploymentPostprocessing = 0;
		};
		E2765582267E9470002D13CC /* Sources */ = {
			isa = PBXSourcesBuildPhase;
			buildActionMask = 2147483647;
			files = (
				E2765592267E9486002D13CC /* UIViewController+ActivityIndicator.swift in Sources */,
				E2FC1070267EE02D00CD98AF /* ScrollableCounter.swift in Sources */,
				E2FC106E267EE01100CD98AF /* DigitScrollCounter.swift in Sources */,
				E2FC106F267EE02900CD98AF /* NumberScrollCounter.swift in Sources */,
			);
			runOnlyForDeploymentPostprocessing = 0;
		};
		E2BC418A267F9C4600A853D2 /* Sources */ = {
			isa = PBXSourcesBuildPhase;
			buildActionMask = 2147483647;
			files = (
				E2BC419B267F9C8B00A853D2 /* Size.swift in Sources */,
				E2BC419D267F9CB900A853D2 /* Size+Basic.swift in Sources */,
			);
			runOnlyForDeploymentPostprocessing = 0;
		};
		E2E637A52641A5FB00F872A4 /* Sources */ = {
			isa = PBXSourcesBuildPhase;
			buildActionMask = 2147483647;
			files = (
				E2E637AF2641A5FB00F872A4 /* ContentView.swift in Sources */,
				E2FC106B267EDF9300CD98AF /* StockQuoteNetworkClient.swift in Sources */,
				E2FC106D267EDFA300CD98AF /* StockOverviewNetworkClient.swift in Sources */,
				E2BE76582641FC3300645629 /* StockExpectedPriceInputView.swift in Sources */,
				E2D2B5D026518A9B001B5E32 /* StockDetailsView.swift in Sources */,
				E2E637C02641A92A00F872A4 /* StockRow.swift in Sources */,
				E2ABEDF2265322AE0001F0F9 /* ChartViewController.swift in Sources */,
				E27C62E42653612000DD063C /* ChartHighlightMarker.swift in Sources */,
				E2FC106C267EDF9700CD98AF /* PriceHistoryNetworkClient.swift in Sources */,
				E2FC106A267EDF8E00CD98AF /* StockCurrentQuoteNetworkClient.swift in Sources */,
				E2BEC7342686A2210001E426 /* Binding+Change.swift in Sources */,
				E2E637AD2641A5FB00F872A4 /* WaitApp.swift in Sources */,
				E275EDFD264835F000752D8A /* SearchBar.swift in Sources */,
				E2ABEDED26531F0A0001F0F9 /* SwiftUIChartViewController.swift in Sources */,
				E2ABEDF72653235A0001F0F9 /* TimeSection.swift in Sources */,
				E2ABEDF9265324690001F0F9 /* ChartViewDataSource.swift in Sources */,
				E275EE0326483FE300752D8A /* SearchStockRow.swift in Sources */,
				E25A1E9C266D7CAC004D2B24 /* StockStatsView.swift in Sources */,
				E2123A6B26472F9400A29222 /* StockCache.swift in Sources */,
				E2ABEE082653376D0001F0F9 /* ChartCache.swift in Sources */,
				E275EDFF26483D6600752D8A /* SearchStockView.swift in Sources */,
				E2ABEDFB265324D00001F0F9 /* PriceHistoryDataSource.swift in Sources */,
			);
			runOnlyForDeploymentPostprocessing = 0;
		};
		E2FC1029267E9EB300CD98AF /* Sources */ = {
			isa = PBXSourcesBuildPhase;
			buildActionMask = 2147483647;
			files = (
				E2B5EAA32688105D0092663F /* Money+Format.swift in Sources */,
				E2FC1039267E9EBF00CD98AF /* Exchange.swift in Sources */,
				E2FC103A267E9EBF00CD98AF /* StockOverview.swift in Sources */,
				E2FC103B267E9EBF00CD98AF /* StockQuote.swift in Sources */,
				E2FC103D267E9EBF00CD98AF /* Stock.swift in Sources */,
				E2FC103E267E9EBF00CD98AF /* SearchStock.swift in Sources */,
				E2FC103C267E9EBF00CD98AF /* StockCurrentQuote.swift in Sources */,
			);
			runOnlyForDeploymentPostprocessing = 0;
		};
		E2FC1076267EE38D00CD98AF /* Sources */ = {
			isa = PBXSourcesBuildPhase;
			buildActionMask = 2147483647;
			files = (
				E20A8115267EE3C5001F31A6 /* URLDomain.swift in Sources */,
				E20A8116267EE3C5001F31A6 /* NetworkingURLBuilder.swift in Sources */,
			);
			runOnlyForDeploymentPostprocessing = 0;
		};
/* End PBXSourcesBuildPhase section */

/* Begin PBXTargetDependency section */
		E2765573267E9104002D13CC /* PBXTargetDependency */ = {
			isa = PBXTargetDependency;
			target = E276556C267E9104002D13CC /* Color */;
			targetProxy = E2765572267E9104002D13CC /* PBXContainerItemProxy */;
		};
		E276558C267E9470002D13CC /* PBXTargetDependency */ = {
			isa = PBXTargetDependency;
			target = E2765585267E9470002D13CC /* UI */;
			targetProxy = E276558B267E9470002D13CC /* PBXContainerItemProxy */;
		};
		E2BC4194267F9C4600A853D2 /* PBXTargetDependency */ = {
			isa = PBXTargetDependency;
			target = E2BC418D267F9C4600A853D2 /* Size */;
			targetProxy = E2BC4193267F9C4600A853D2 /* PBXContainerItemProxy */;
		};
		E2FC1033267E9EB300CD98AF /* PBXTargetDependency */ = {
			isa = PBXTargetDependency;
			target = E2FC102C267E9EB300CD98AF /* Model */;
			targetProxy = E2FC1032267E9EB300CD98AF /* PBXContainerItemProxy */;
		};
		E2FC1080267EE38D00CD98AF /* PBXTargetDependency */ = {
			isa = PBXTargetDependency;
			target = E2FC1079267EE38D00CD98AF /* Networking */;
			targetProxy = E2FC107F267EE38D00CD98AF /* PBXContainerItemProxy */;
		};
/* End PBXTargetDependency section */

/* Begin XCBuildConfiguration section */
		E2765576267E9104002D13CC /* Debug */ = {
			isa = XCBuildConfiguration;
			buildSettings = {
				CODE_SIGN_STYLE = Automatic;
				CURRENT_PROJECT_VERSION = 1;
				DEFINES_MODULE = YES;
				DEVELOPMENT_TEAM = 5WDN96EM72;
				DYLIB_COMPATIBILITY_VERSION = 1;
				DYLIB_CURRENT_VERSION = 1;
				DYLIB_INSTALL_NAME_BASE = "@rpath";
				INFOPLIST_FILE = Color/Info.plist;
				INSTALL_PATH = "$(LOCAL_LIBRARY_DIR)/Frameworks";
				IPHONEOS_DEPLOYMENT_TARGET = 13.0;
				LD_RUNPATH_SEARCH_PATHS = (
					"$(inherited)",
					"@executable_path/Frameworks",
					"@loader_path/Frameworks",
				);
				PRODUCT_BUNDLE_IDENTIFIER = com.ck.Color;
				PRODUCT_NAME = "$(TARGET_NAME:c99extidentifier)";
				SKIP_INSTALL = YES;
				SWIFT_VERSION = 5.0;
				TARGETED_DEVICE_FAMILY = "1,2";
				VERSIONING_SYSTEM = "apple-generic";
				VERSION_INFO_PREFIX = "";
			};
			name = Debug;
		};
		E2765577267E9104002D13CC /* Release */ = {
			isa = XCBuildConfiguration;
			buildSettings = {
				CODE_SIGN_STYLE = Automatic;
				CURRENT_PROJECT_VERSION = 1;
				DEFINES_MODULE = YES;
				DEVELOPMENT_TEAM = 5WDN96EM72;
				DYLIB_COMPATIBILITY_VERSION = 1;
				DYLIB_CURRENT_VERSION = 1;
				DYLIB_INSTALL_NAME_BASE = "@rpath";
				INFOPLIST_FILE = Color/Info.plist;
				INSTALL_PATH = "$(LOCAL_LIBRARY_DIR)/Frameworks";
				IPHONEOS_DEPLOYMENT_TARGET = 13.0;
				LD_RUNPATH_SEARCH_PATHS = (
					"$(inherited)",
					"@executable_path/Frameworks",
					"@loader_path/Frameworks",
				);
				PRODUCT_BUNDLE_IDENTIFIER = com.ck.Color;
				PRODUCT_NAME = "$(TARGET_NAME:c99extidentifier)";
				SKIP_INSTALL = YES;
				SWIFT_VERSION = 5.0;
				TARGETED_DEVICE_FAMILY = "1,2";
				VERSIONING_SYSTEM = "apple-generic";
				VERSION_INFO_PREFIX = "";
			};
			name = Release;
		};
		E2765590267E9470002D13CC /* Debug */ = {
			isa = XCBuildConfiguration;
			buildSettings = {
				CODE_SIGN_STYLE = Automatic;
				CURRENT_PROJECT_VERSION = 1;
				DEFINES_MODULE = YES;
				DEVELOPMENT_TEAM = 5WDN96EM72;
				DYLIB_COMPATIBILITY_VERSION = 1;
				DYLIB_CURRENT_VERSION = 1;
				DYLIB_INSTALL_NAME_BASE = "@rpath";
				INFOPLIST_FILE = UI/Info.plist;
				INSTALL_PATH = "$(LOCAL_LIBRARY_DIR)/Frameworks";
				IPHONEOS_DEPLOYMENT_TARGET = 13.0;
				LD_RUNPATH_SEARCH_PATHS = (
					"$(inherited)",
					"@executable_path/Frameworks",
					"@loader_path/Frameworks",
				);
				PRODUCT_BUNDLE_IDENTIFIER = com.ck.UI;
				PRODUCT_NAME = "$(TARGET_NAME:c99extidentifier)";
				SKIP_INSTALL = YES;
				SWIFT_VERSION = 5.0;
				TARGETED_DEVICE_FAMILY = "1,2";
				VERSIONING_SYSTEM = "apple-generic";
				VERSION_INFO_PREFIX = "";
			};
			name = Debug;
		};
		E2765591267E9470002D13CC /* Release */ = {
			isa = XCBuildConfiguration;
			buildSettings = {
				CODE_SIGN_STYLE = Automatic;
				CURRENT_PROJECT_VERSION = 1;
				DEFINES_MODULE = YES;
				DEVELOPMENT_TEAM = 5WDN96EM72;
				DYLIB_COMPATIBILITY_VERSION = 1;
				DYLIB_CURRENT_VERSION = 1;
				DYLIB_INSTALL_NAME_BASE = "@rpath";
				INFOPLIST_FILE = UI/Info.plist;
				INSTALL_PATH = "$(LOCAL_LIBRARY_DIR)/Frameworks";
				IPHONEOS_DEPLOYMENT_TARGET = 13.0;
				LD_RUNPATH_SEARCH_PATHS = (
					"$(inherited)",
					"@executable_path/Frameworks",
					"@loader_path/Frameworks",
				);
				PRODUCT_BUNDLE_IDENTIFIER = com.ck.UI;
				PRODUCT_NAME = "$(TARGET_NAME:c99extidentifier)";
				SKIP_INSTALL = YES;
				SWIFT_VERSION = 5.0;
				TARGETED_DEVICE_FAMILY = "1,2";
				VERSIONING_SYSTEM = "apple-generic";
				VERSION_INFO_PREFIX = "";
			};
			name = Release;
		};
		E2BC4197267F9C4600A853D2 /* Debug */ = {
			isa = XCBuildConfiguration;
			buildSettings = {
				CLANG_ENABLE_MODULES = YES;
				CODE_SIGN_STYLE = Automatic;
				CURRENT_PROJECT_VERSION = 1;
				DEFINES_MODULE = YES;
				DEVELOPMENT_TEAM = 5WDN96EM72;
				DYLIB_COMPATIBILITY_VERSION = 1;
				DYLIB_CURRENT_VERSION = 1;
				DYLIB_INSTALL_NAME_BASE = "@rpath";
				INFOPLIST_FILE = Size/Info.plist;
				INSTALL_PATH = "$(LOCAL_LIBRARY_DIR)/Frameworks";
				IPHONEOS_DEPLOYMENT_TARGET = 13.0;
				LD_RUNPATH_SEARCH_PATHS = (
					"$(inherited)",
					"@executable_path/Frameworks",
					"@loader_path/Frameworks",
				);
				PRODUCT_BUNDLE_IDENTIFIER = com.ck.Size;
				PRODUCT_NAME = "$(TARGET_NAME:c99extidentifier)";
				SKIP_INSTALL = YES;
				SWIFT_OPTIMIZATION_LEVEL = "-Onone";
				SWIFT_VERSION = 5.0;
				TARGETED_DEVICE_FAMILY = "1,2";
				VERSIONING_SYSTEM = "apple-generic";
				VERSION_INFO_PREFIX = "";
			};
			name = Debug;
		};
		E2BC4198267F9C4600A853D2 /* Release */ = {
			isa = XCBuildConfiguration;
			buildSettings = {
				CLANG_ENABLE_MODULES = YES;
				CODE_SIGN_STYLE = Automatic;
				CURRENT_PROJECT_VERSION = 1;
				DEFINES_MODULE = YES;
				DEVELOPMENT_TEAM = 5WDN96EM72;
				DYLIB_COMPATIBILITY_VERSION = 1;
				DYLIB_CURRENT_VERSION = 1;
				DYLIB_INSTALL_NAME_BASE = "@rpath";
				INFOPLIST_FILE = Size/Info.plist;
				INSTALL_PATH = "$(LOCAL_LIBRARY_DIR)/Frameworks";
				IPHONEOS_DEPLOYMENT_TARGET = 13.0;
				LD_RUNPATH_SEARCH_PATHS = (
					"$(inherited)",
					"@executable_path/Frameworks",
					"@loader_path/Frameworks",
				);
				PRODUCT_BUNDLE_IDENTIFIER = com.ck.Size;
				PRODUCT_NAME = "$(TARGET_NAME:c99extidentifier)";
				SKIP_INSTALL = YES;
				SWIFT_VERSION = 5.0;
				TARGETED_DEVICE_FAMILY = "1,2";
				VERSIONING_SYSTEM = "apple-generic";
				VERSION_INFO_PREFIX = "";
			};
			name = Release;
		};
		E2BC41AC267FFCBB00A853D2 /* Debug */ = {
			isa = XCBuildConfiguration;
			buildSettings = {
				CODE_SIGN_STYLE = Automatic;
				PRODUCT_NAME = "$(TARGET_NAME)";
			};
			name = Debug;
		};
		E2BC41AD267FFCBB00A853D2 /* Release */ = {
			isa = XCBuildConfiguration;
			buildSettings = {
				CODE_SIGN_STYLE = Automatic;
				PRODUCT_NAME = "$(TARGET_NAME)";
			};
			name = Release;
		};
		E2E637B62641A5FD00F872A4 /* Debug */ = {
			isa = XCBuildConfiguration;
			buildSettings = {
				ALWAYS_SEARCH_USER_PATHS = NO;
				CLANG_ANALYZER_NONNULL = YES;
				CLANG_ANALYZER_NUMBER_OBJECT_CONVERSION = YES_AGGRESSIVE;
				CLANG_CXX_LANGUAGE_STANDARD = "gnu++14";
				CLANG_CXX_LIBRARY = "libc++";
				CLANG_ENABLE_MODULES = YES;
				CLANG_ENABLE_OBJC_ARC = YES;
				CLANG_ENABLE_OBJC_WEAK = YES;
				CLANG_WARN_BLOCK_CAPTURE_AUTORELEASING = YES;
				CLANG_WARN_BOOL_CONVERSION = YES;
				CLANG_WARN_COMMA = YES;
				CLANG_WARN_CONSTANT_CONVERSION = YES;
				CLANG_WARN_DEPRECATED_OBJC_IMPLEMENTATIONS = YES;
				CLANG_WARN_DIRECT_OBJC_ISA_USAGE = YES_ERROR;
				CLANG_WARN_DOCUMENTATION_COMMENTS = YES;
				CLANG_WARN_EMPTY_BODY = YES;
				CLANG_WARN_ENUM_CONVERSION = YES;
				CLANG_WARN_INFINITE_RECURSION = YES;
				CLANG_WARN_INT_CONVERSION = YES;
				CLANG_WARN_NON_LITERAL_NULL_CONVERSION = YES;
				CLANG_WARN_OBJC_IMPLICIT_RETAIN_SELF = YES;
				CLANG_WARN_OBJC_LITERAL_CONVERSION = YES;
				CLANG_WARN_OBJC_ROOT_CLASS = YES_ERROR;
				CLANG_WARN_QUOTED_INCLUDE_IN_FRAMEWORK_HEADER = YES;
				CLANG_WARN_RANGE_LOOP_ANALYSIS = YES;
				CLANG_WARN_STRICT_PROTOTYPES = YES;
				CLANG_WARN_SUSPICIOUS_MOVE = YES;
				CLANG_WARN_UNGUARDED_AVAILABILITY = YES_AGGRESSIVE;
				CLANG_WARN_UNREACHABLE_CODE = YES;
				CLANG_WARN__DUPLICATE_METHOD_MATCH = YES;
				COPY_PHASE_STRIP = NO;
				DEBUG_INFORMATION_FORMAT = dwarf;
				DISABLE_DIAMOND_PROBLEM_DIAGNOSTIC = YES;
				ENABLE_STRICT_OBJC_MSGSEND = YES;
				ENABLE_TESTABILITY = YES;
				GCC_C_LANGUAGE_STANDARD = gnu11;
				GCC_DYNAMIC_NO_PIC = NO;
				GCC_NO_COMMON_BLOCKS = YES;
				GCC_OPTIMIZATION_LEVEL = 0;
				GCC_PREPROCESSOR_DEFINITIONS = (
					"DEBUG=1",
					"$(inherited)",
				);
				GCC_WARN_64_TO_32_BIT_CONVERSION = YES;
				GCC_WARN_ABOUT_RETURN_TYPE = YES_ERROR;
				GCC_WARN_UNDECLARED_SELECTOR = YES;
				GCC_WARN_UNINITIALIZED_AUTOS = YES_AGGRESSIVE;
				GCC_WARN_UNUSED_FUNCTION = YES;
				GCC_WARN_UNUSED_VARIABLE = YES;
				IPHONEOS_DEPLOYMENT_TARGET = 14.1;
				MTL_ENABLE_DEBUG_INFO = INCLUDE_SOURCE;
				MTL_FAST_MATH = YES;
				ONLY_ACTIVE_ARCH = YES;
				SDKROOT = iphoneos;
				SWIFT_ACTIVE_COMPILATION_CONDITIONS = DEBUG;
				SWIFT_OPTIMIZATION_LEVEL = "-Onone";
			};
			name = Debug;
		};
		E2E637B72641A5FD00F872A4 /* Release */ = {
			isa = XCBuildConfiguration;
			buildSettings = {
				ALWAYS_SEARCH_USER_PATHS = NO;
				CLANG_ANALYZER_NONNULL = YES;
				CLANG_ANALYZER_NUMBER_OBJECT_CONVERSION = YES_AGGRESSIVE;
				CLANG_CXX_LANGUAGE_STANDARD = "gnu++14";
				CLANG_CXX_LIBRARY = "libc++";
				CLANG_ENABLE_MODULES = YES;
				CLANG_ENABLE_OBJC_ARC = YES;
				CLANG_ENABLE_OBJC_WEAK = YES;
				CLANG_WARN_BLOCK_CAPTURE_AUTORELEASING = YES;
				CLANG_WARN_BOOL_CONVERSION = YES;
				CLANG_WARN_COMMA = YES;
				CLANG_WARN_CONSTANT_CONVERSION = YES;
				CLANG_WARN_DEPRECATED_OBJC_IMPLEMENTATIONS = YES;
				CLANG_WARN_DIRECT_OBJC_ISA_USAGE = YES_ERROR;
				CLANG_WARN_DOCUMENTATION_COMMENTS = YES;
				CLANG_WARN_EMPTY_BODY = YES;
				CLANG_WARN_ENUM_CONVERSION = YES;
				CLANG_WARN_INFINITE_RECURSION = YES;
				CLANG_WARN_INT_CONVERSION = YES;
				CLANG_WARN_NON_LITERAL_NULL_CONVERSION = YES;
				CLANG_WARN_OBJC_IMPLICIT_RETAIN_SELF = YES;
				CLANG_WARN_OBJC_LITERAL_CONVERSION = YES;
				CLANG_WARN_OBJC_ROOT_CLASS = YES_ERROR;
				CLANG_WARN_QUOTED_INCLUDE_IN_FRAMEWORK_HEADER = YES;
				CLANG_WARN_RANGE_LOOP_ANALYSIS = YES;
				CLANG_WARN_STRICT_PROTOTYPES = YES;
				CLANG_WARN_SUSPICIOUS_MOVE = YES;
				CLANG_WARN_UNGUARDED_AVAILABILITY = YES_AGGRESSIVE;
				CLANG_WARN_UNREACHABLE_CODE = YES;
				CLANG_WARN__DUPLICATE_METHOD_MATCH = YES;
				COPY_PHASE_STRIP = NO;
				DEBUG_INFORMATION_FORMAT = "dwarf-with-dsym";
				DISABLE_DIAMOND_PROBLEM_DIAGNOSTIC = YES;
				ENABLE_NS_ASSERTIONS = NO;
				ENABLE_STRICT_OBJC_MSGSEND = YES;
				GCC_C_LANGUAGE_STANDARD = gnu11;
				GCC_NO_COMMON_BLOCKS = YES;
				GCC_WARN_64_TO_32_BIT_CONVERSION = YES;
				GCC_WARN_ABOUT_RETURN_TYPE = YES_ERROR;
				GCC_WARN_UNDECLARED_SELECTOR = YES;
				GCC_WARN_UNINITIALIZED_AUTOS = YES_AGGRESSIVE;
				GCC_WARN_UNUSED_FUNCTION = YES;
				GCC_WARN_UNUSED_VARIABLE = YES;
				IPHONEOS_DEPLOYMENT_TARGET = 14.1;
				MTL_ENABLE_DEBUG_INFO = NO;
				MTL_FAST_MATH = YES;
				SDKROOT = iphoneos;
				SWIFT_COMPILATION_MODE = wholemodule;
				SWIFT_OPTIMIZATION_LEVEL = "-O";
				VALIDATE_PRODUCT = YES;
			};
			name = Release;
		};
		E2E637B92641A5FD00F872A4 /* Debug */ = {
			isa = XCBuildConfiguration;
			buildSettings = {
				ALWAYS_EMBED_SWIFT_STANDARD_LIBRARIES = YES;
				ASSETCATALOG_COMPILER_APPICON_NAME = AppIcon;
				ASSETCATALOG_COMPILER_GLOBAL_ACCENT_COLOR_NAME = AccentColor;
				CODE_SIGN_STYLE = Automatic;
				DEVELOPMENT_ASSET_PATHS = "\"Wait/Preview Content\"";
				DEVELOPMENT_TEAM = 5WDN96EM72;
				ENABLE_PREVIEWS = YES;
				INFOPLIST_FILE = Wait/Info.plist;
				IPHONEOS_DEPLOYMENT_TARGET = 14.0;
				LD_RUNPATH_SEARCH_PATHS = (
					"$(inherited)",
					"@executable_path/Frameworks",
				);
				OTHER_LDFLAGS = "";
				"OTHER_LDFLAGS[arch=*]" = (
					"-ObjC",
					"-l",
					z,
					"-l",
					"c++",
				);
				PRODUCT_BUNDLE_IDENTIFIER = com.chenkai.wait;
				PRODUCT_NAME = "$(TARGET_NAME)";
				SWIFT_VERSION = 5.0;
				TARGETED_DEVICE_FAMILY = 1;
			};
			name = Debug;
		};
		E2E637BA2641A5FD00F872A4 /* Release */ = {
			isa = XCBuildConfiguration;
			buildSettings = {
				ALWAYS_EMBED_SWIFT_STANDARD_LIBRARIES = YES;
				ASSETCATALOG_COMPILER_APPICON_NAME = AppIcon;
				ASSETCATALOG_COMPILER_GLOBAL_ACCENT_COLOR_NAME = AccentColor;
				CODE_SIGN_STYLE = Automatic;
				DEVELOPMENT_ASSET_PATHS = "\"Wait/Preview Content\"";
				DEVELOPMENT_TEAM = 5WDN96EM72;
				ENABLE_PREVIEWS = YES;
				INFOPLIST_FILE = Wait/Info.plist;
				IPHONEOS_DEPLOYMENT_TARGET = 14.0;
				LD_RUNPATH_SEARCH_PATHS = (
					"$(inherited)",
					"@executable_path/Frameworks",
				);
				OTHER_LDFLAGS = "";
				"OTHER_LDFLAGS[arch=*]" = (
					"-ObjC",
					"-l",
					z,
					"-l",
					"c++",
				);
				PRODUCT_BUNDLE_IDENTIFIER = com.chenkai.wait;
				PRODUCT_NAME = "$(TARGET_NAME)";
				SWIFT_VERSION = 5.0;
				TARGETED_DEVICE_FAMILY = 1;
			};
			name = Release;
		};
		E2FC1036267E9EB300CD98AF /* Debug */ = {
			isa = XCBuildConfiguration;
			buildSettings = {
				CODE_SIGN_STYLE = Automatic;
				CURRENT_PROJECT_VERSION = 1;
				DEFINES_MODULE = YES;
				DEVELOPMENT_TEAM = 5WDN96EM72;
				DYLIB_COMPATIBILITY_VERSION = 1;
				DYLIB_CURRENT_VERSION = 1;
				DYLIB_INSTALL_NAME_BASE = "@rpath";
				INFOPLIST_FILE = Model/Info.plist;
				INSTALL_PATH = "$(LOCAL_LIBRARY_DIR)/Frameworks";
				IPHONEOS_DEPLOYMENT_TARGET = 13.0;
				LD_RUNPATH_SEARCH_PATHS = (
					"$(inherited)",
					"@executable_path/Frameworks",
					"@loader_path/Frameworks",
				);
				PRODUCT_BUNDLE_IDENTIFIER = com.ck.Model;
				PRODUCT_NAME = "$(TARGET_NAME:c99extidentifier)";
				SKIP_INSTALL = YES;
				SWIFT_VERSION = 5.0;
				TARGETED_DEVICE_FAMILY = "1,2";
				VERSIONING_SYSTEM = "apple-generic";
				VERSION_INFO_PREFIX = "";
			};
			name = Debug;
		};
		E2FC1037267E9EB300CD98AF /* Release */ = {
			isa = XCBuildConfiguration;
			buildSettings = {
				CODE_SIGN_STYLE = Automatic;
				CURRENT_PROJECT_VERSION = 1;
				DEFINES_MODULE = YES;
				DEVELOPMENT_TEAM = 5WDN96EM72;
				DYLIB_COMPATIBILITY_VERSION = 1;
				DYLIB_CURRENT_VERSION = 1;
				DYLIB_INSTALL_NAME_BASE = "@rpath";
				INFOPLIST_FILE = Model/Info.plist;
				INSTALL_PATH = "$(LOCAL_LIBRARY_DIR)/Frameworks";
				IPHONEOS_DEPLOYMENT_TARGET = 13.0;
				LD_RUNPATH_SEARCH_PATHS = (
					"$(inherited)",
					"@executable_path/Frameworks",
					"@loader_path/Frameworks",
				);
				PRODUCT_BUNDLE_IDENTIFIER = com.ck.Model;
				PRODUCT_NAME = "$(TARGET_NAME:c99extidentifier)";
				SKIP_INSTALL = YES;
				SWIFT_VERSION = 5.0;
				TARGETED_DEVICE_FAMILY = "1,2";
				VERSIONING_SYSTEM = "apple-generic";
				VERSION_INFO_PREFIX = "";
			};
			name = Release;
		};
		E2FC1084267EE38D00CD98AF /* Debug */ = {
			isa = XCBuildConfiguration;
			buildSettings = {
				CODE_SIGN_STYLE = Automatic;
				CURRENT_PROJECT_VERSION = 1;
				DEFINES_MODULE = YES;
				DEVELOPMENT_TEAM = 5WDN96EM72;
				DYLIB_COMPATIBILITY_VERSION = 1;
				DYLIB_CURRENT_VERSION = 1;
				DYLIB_INSTALL_NAME_BASE = "@rpath";
				INFOPLIST_FILE = Networking/Info.plist;
				INSTALL_PATH = "$(LOCAL_LIBRARY_DIR)/Frameworks";
				IPHONEOS_DEPLOYMENT_TARGET = 13.0;
				LD_RUNPATH_SEARCH_PATHS = (
					"$(inherited)",
					"@executable_path/Frameworks",
					"@loader_path/Frameworks",
				);
				PRODUCT_BUNDLE_IDENTIFIER = com.ck.Networking;
				PRODUCT_NAME = "$(TARGET_NAME:c99extidentifier)";
				SKIP_INSTALL = YES;
				SWIFT_VERSION = 5.0;
				TARGETED_DEVICE_FAMILY = "1,2";
				VERSIONING_SYSTEM = "apple-generic";
				VERSION_INFO_PREFIX = "";
			};
			name = Debug;
		};
		E2FC1085267EE38D00CD98AF /* Release */ = {
			isa = XCBuildConfiguration;
			buildSettings = {
				CODE_SIGN_STYLE = Automatic;
				CURRENT_PROJECT_VERSION = 1;
				DEFINES_MODULE = YES;
				DEVELOPMENT_TEAM = 5WDN96EM72;
				DYLIB_COMPATIBILITY_VERSION = 1;
				DYLIB_CURRENT_VERSION = 1;
				DYLIB_INSTALL_NAME_BASE = "@rpath";
				INFOPLIST_FILE = Networking/Info.plist;
				INSTALL_PATH = "$(LOCAL_LIBRARY_DIR)/Frameworks";
				IPHONEOS_DEPLOYMENT_TARGET = 13.0;
				LD_RUNPATH_SEARCH_PATHS = (
					"$(inherited)",
					"@executable_path/Frameworks",
					"@loader_path/Frameworks",
				);
				PRODUCT_BUNDLE_IDENTIFIER = com.ck.Networking;
				PRODUCT_NAME = "$(TARGET_NAME:c99extidentifier)";
				SKIP_INSTALL = YES;
				SWIFT_VERSION = 5.0;
				TARGETED_DEVICE_FAMILY = "1,2";
				VERSIONING_SYSTEM = "apple-generic";
				VERSION_INFO_PREFIX = "";
			};
			name = Release;
		};
/* End XCBuildConfiguration section */

/* Begin XCConfigurationList section */
		E2765578267E9104002D13CC /* Build configuration list for PBXNativeTarget "Color" */ = {
			isa = XCConfigurationList;
			buildConfigurations = (
				E2765576267E9104002D13CC /* Debug */,
				E2765577267E9104002D13CC /* Release */,
			);
			defaultConfigurationIsVisible = 0;
			defaultConfigurationName = Release;
		};
		E276558F267E9470002D13CC /* Build configuration list for PBXNativeTarget "UI" */ = {
			isa = XCConfigurationList;
			buildConfigurations = (
				E2765590267E9470002D13CC /* Debug */,
				E2765591267E9470002D13CC /* Release */,
			);
			defaultConfigurationIsVisible = 0;
			defaultConfigurationName = Release;
		};
		E2BC4199267F9C4600A853D2 /* Build configuration list for PBXNativeTarget "Size" */ = {
			isa = XCConfigurationList;
			buildConfigurations = (
				E2BC4197267F9C4600A853D2 /* Debug */,
				E2BC4198267F9C4600A853D2 /* Release */,
			);
			defaultConfigurationIsVisible = 0;
			defaultConfigurationName = Release;
		};
		E2BC41AB267FFCBB00A853D2 /* Build configuration list for PBXAggregateTarget "Unused Code" */ = {
			isa = XCConfigurationList;
			buildConfigurations = (
				E2BC41AC267FFCBB00A853D2 /* Debug */,
				E2BC41AD267FFCBB00A853D2 /* Release */,
			);
			defaultConfigurationIsVisible = 0;
			defaultConfigurationName = Release;
		};
		E2E637A42641A5FB00F872A4 /* Build configuration list for PBXProject "Wait" */ = {
			isa = XCConfigurationList;
			buildConfigurations = (
				E2E637B62641A5FD00F872A4 /* Debug */,
				E2E637B72641A5FD00F872A4 /* Release */,
			);
			defaultConfigurationIsVisible = 0;
			defaultConfigurationName = Release;
		};
		E2E637B82641A5FD00F872A4 /* Build configuration list for PBXNativeTarget "Wait" */ = {
			isa = XCConfigurationList;
			buildConfigurations = (
				E2E637B92641A5FD00F872A4 /* Debug */,
				E2E637BA2641A5FD00F872A4 /* Release */,
			);
			defaultConfigurationIsVisible = 0;
			defaultConfigurationName = Release;
		};
		E2FC1038267E9EB300CD98AF /* Build configuration list for PBXNativeTarget "Model" */ = {
			isa = XCConfigurationList;
			buildConfigurations = (
				E2FC1036267E9EB300CD98AF /* Debug */,
				E2FC1037267E9EB300CD98AF /* Release */,
			);
			defaultConfigurationIsVisible = 0;
			defaultConfigurationName = Release;
		};
		E2FC1083267EE38D00CD98AF /* Build configuration list for PBXNativeTarget "Networking" */ = {
			isa = XCConfigurationList;
			buildConfigurations = (
				E2FC1084267EE38D00CD98AF /* Debug */,
				E2FC1085267EE38D00CD98AF /* Release */,
			);
			defaultConfigurationIsVisible = 0;
			defaultConfigurationName = Release;
		};
/* End XCConfigurationList section */

/* Begin XCRemoteSwiftPackageReference section */
		E2039B49265750B3004B3BEF /* XCRemoteSwiftPackageReference "Charts" */ = {
			isa = XCRemoteSwiftPackageReference;
			repositoryURL = "https://github.com/danielgindi/Charts";
			requirement = {
				kind = exactVersion;
				version = 3.4.0;
			};
		};
		E2123A5E2647115400A29222 /* XCRemoteSwiftPackageReference "Alamofire" */ = {
			isa = XCRemoteSwiftPackageReference;
			repositoryURL = "https://github.com/Alamofire/Alamofire";
			requirement = {
				kind = upToNextMajorVersion;
				minimumVersion = 5.4.3;
			};
		};
		E2123A632647158800A29222 /* XCRemoteSwiftPackageReference "SwiftyBeaver" */ = {
			isa = XCRemoteSwiftPackageReference;
			repositoryURL = "https://github.com/SwiftyBeaver/SwiftyBeaver";
			requirement = {
				kind = upToNextMajorVersion;
				minimumVersion = 1.9.4;
			};
		};
		E2123A662647198000A29222 /* XCRemoteSwiftPackageReference "SwiftyJSON" */ = {
			isa = XCRemoteSwiftPackageReference;
			repositoryURL = "https://github.com/SwiftyJSON/SwiftyJSON";
			requirement = {
				kind = upToNextMajorVersion;
				minimumVersion = 5.0.1;
			};
		};
		E22428A42675168700F399B2 /* XCRemoteSwiftPackageReference "PopupView" */ = {
			isa = XCRemoteSwiftPackageReference;
			repositoryURL = "https://github.com/exyte/PopupView";
			requirement = {
				kind = upToNextMajorVersion;
				minimumVersion = 1.0.0;
			};
		};
		E22428A72675170100F399B2 /* XCRemoteSwiftPackageReference "ConcentricOnboarding" */ = {
			isa = XCRemoteSwiftPackageReference;
			repositoryURL = "https://github.com/exyte/ConcentricOnboarding";
			requirement = {
				kind = upToNextMajorVersion;
				minimumVersion = 0.0.6;
			};
		};
		E22428AA2675170E00F399B2 /* XCRemoteSwiftPackageReference "ActivityIndicatorView" */ = {
			isa = XCRemoteSwiftPackageReference;
			repositoryURL = "https://github.com/exyte/ActivityIndicatorView";
			requirement = {
				kind = upToNextMajorVersion;
				minimumVersion = 0.0.7;
			};
		};
		E22A84202669C8B60099F107 /* XCRemoteSwiftPackageReference "PartialSheet" */ = {
			isa = XCRemoteSwiftPackageReference;
			repositoryURL = "https://github.com/AndreaMiotto/PartialSheet";
			requirement = {
				kind = upToNextMajorVersion;
				minimumVersion = 2.1.11;
			};
		};
		E23B93E22652D52800E039D9 /* XCRemoteSwiftPackageReference "SwifterSwift" */ = {
			isa = XCRemoteSwiftPackageReference;
			repositoryURL = "https://github.com/SwifterSwift/SwifterSwift";
			requirement = {
				kind = upToNextMajorVersion;
				minimumVersion = 5.2.0;
			};
		};
		E23EFB262662A82D0038022B /* XCRemoteSwiftPackageReference "MBProgressHUD" */ = {
			isa = XCRemoteSwiftPackageReference;
			repositoryURL = "https://github.com/jdg/MBProgressHUD";
			requirement = {
				kind = upToNextMajorVersion;
				minimumVersion = 1.2.0;
			};
		};
		E24C4E93268BCA1100C005FC /* XCRemoteSwiftPackageReference "Kingfisher" */ = {
			isa = XCRemoteSwiftPackageReference;
			repositoryURL = "https://github.com/onevcat/Kingfisher";
			requirement = {
				kind = upToNextMajorVersion;
				minimumVersion = 6.3.0;
			};
		};
		E267B86D2667FEBC009979C8 /* XCRemoteSwiftPackageReference "NVActivityIndicatorView" */ = {
			isa = XCRemoteSwiftPackageReference;
			repositoryURL = "https://github.com/ninjaprox/NVActivityIndicatorView";
			requirement = {
				kind = upToNextMajorVersion;
				minimumVersion = 5.1.1;
			};
		};
		E267B8722667FEE8009979C8 /* XCRemoteSwiftPackageReference "FloatingPanel" */ = {
			isa = XCRemoteSwiftPackageReference;
			repositoryURL = "https://github.com/scenee/FloatingPanel";
			requirement = {
				kind = upToNextMajorVersion;
				minimumVersion = 2.3.1;
			};
		};
		E267B8752667FF66009979C8 /* XCRemoteSwiftPackageReference "SkeletonView" */ = {
			isa = XCRemoteSwiftPackageReference;
			repositoryURL = "https://github.com/Juanpe/SkeletonView";
			requirement = {
				kind = upToNextMajorVersion;
				minimumVersion = 1.16.0;
			};
		};
		E284F91E2659A2DD002CB3BF /* XCRemoteSwiftPackageReference "SwiftUI-Introspect" */ = {
			isa = XCRemoteSwiftPackageReference;
			repositoryURL = "https://github.com/siteline/SwiftUI-Introspect";
			requirement = {
				kind = upToNextMajorVersion;
				minimumVersion = 0.1.3;
			};
		};
		E2901FA3264CAC8B003A2C01 /* XCRemoteSwiftPackageReference "shake-ios" */ = {
			isa = XCRemoteSwiftPackageReference;
			repositoryURL = "https://github.com/shakebugs/shake-ios";
			requirement = {
				kind = upToNextMajorVersion;
				minimumVersion = 14.2.1;
			};
		};
		E2901FA8264D77EE003A2C01 /* XCRemoteSwiftPackageReference "trace-cocoa-sdk" */ = {
			isa = XCRemoteSwiftPackageReference;
			repositoryURL = "https://github.com/bitrise-io/trace-cocoa-sdk.git";
			requirement = {
				kind = upToNextMajorVersion;
				minimumVersion = 1.7.33;
			};
		};
		E2A07D9926520BDD0075E271 /* XCRemoteSwiftPackageReference "Hue" */ = {
			isa = XCRemoteSwiftPackageReference;
			repositoryURL = "https://github.com/zenangst/Hue";
			requirement = {
				kind = upToNextMajorVersion;
				minimumVersion = 5.0.1;
			};
		};
		E2ABEDEE265322670001F0F9 /* XCRemoteSwiftPackageReference "HMSegmentedControl" */ = {
			isa = XCRemoteSwiftPackageReference;
			repositoryURL = "https://github.com/HeshamMegid/HMSegmentedControl";
			requirement = {
				branch = master;
				kind = branch;
			};
		};
		E2ABEDF3265322FA0001F0F9 /* XCRemoteSwiftPackageReference "SnapKit" */ = {
			isa = XCRemoteSwiftPackageReference;
			repositoryURL = "https://github.com/SnapKit/SnapKit";
			requirement = {
				kind = upToNextMajorVersion;
				minimumVersion = 5.0.1;
			};
		};
		E2BC41A9267FFC7400A853D2 /* XCRemoteSwiftPackageReference "periphery" */ = {
			isa = XCRemoteSwiftPackageReference;
			repositoryURL = "https://github.com/peripheryapp/periphery";
			requirement = {
				kind = upToNextMajorVersion;
				minimumVersion = 2.6.0;
			};
		};
		E2BDFCA526518CB90075E619 /* XCRemoteSwiftPackageReference "Money" */ = {
			isa = XCRemoteSwiftPackageReference;
			repositoryURL = "https://github.com/Flight-School/Money";
			requirement = {
				kind = upToNextMajorVersion;
				minimumVersion = 1.3.0;
			};
		};
		E2C859B226438EE500F93321 /* XCRemoteSwiftPackageReference "Cache" */ = {
			isa = XCRemoteSwiftPackageReference;
			repositoryURL = "https://github.com/hyperoslo/Cache";
			requirement = {
				kind = upToNextMajorVersion;
				minimumVersion = 6.0.0;
			};
		};
/* End XCRemoteSwiftPackageReference section */

/* Begin XCSwiftPackageProductDependency section */
		E2039B4A265750B3004B3BEF /* Charts */ = {
			isa = XCSwiftPackageProductDependency;
			package = E2039B49265750B3004B3BEF /* XCRemoteSwiftPackageReference "Charts" */;
			productName = Charts;
		};
		E2123A5F2647115400A29222 /* Alamofire */ = {
			isa = XCSwiftPackageProductDependency;
			package = E2123A5E2647115400A29222 /* XCRemoteSwiftPackageReference "Alamofire" */;
			productName = Alamofire;
		};
		E2123A642647158800A29222 /* SwiftyBeaver */ = {
			isa = XCSwiftPackageProductDependency;
			package = E2123A632647158800A29222 /* XCRemoteSwiftPackageReference "SwiftyBeaver" */;
			productName = SwiftyBeaver;
		};
		E2123A672647198000A29222 /* SwiftyJSON */ = {
			isa = XCSwiftPackageProductDependency;
			package = E2123A662647198000A29222 /* XCRemoteSwiftPackageReference "SwiftyJSON" */;
			productName = SwiftyJSON;
		};
		E22428A52675168700F399B2 /* PopupView */ = {
			isa = XCSwiftPackageProductDependency;
			package = E22428A42675168700F399B2 /* XCRemoteSwiftPackageReference "PopupView" */;
			productName = PopupView;
		};
		E22428A82675170100F399B2 /* ConcentricOnboarding */ = {
			isa = XCSwiftPackageProductDependency;
			package = E22428A72675170100F399B2 /* XCRemoteSwiftPackageReference "ConcentricOnboarding" */;
			productName = ConcentricOnboarding;
		};
		E22428AB2675170E00F399B2 /* ActivityIndicatorView */ = {
			isa = XCSwiftPackageProductDependency;
			package = E22428AA2675170E00F399B2 /* XCRemoteSwiftPackageReference "ActivityIndicatorView" */;
			productName = ActivityIndicatorView;
		};
		E22A84212669C8B60099F107 /* PartialSheet */ = {
			isa = XCSwiftPackageProductDependency;
			package = E22A84202669C8B60099F107 /* XCRemoteSwiftPackageReference "PartialSheet" */;
			productName = PartialSheet;
		};
		E23B93E32652D52800E039D9 /* SwifterSwift */ = {
			isa = XCSwiftPackageProductDependency;
			package = E23B93E22652D52800E039D9 /* XCRemoteSwiftPackageReference "SwifterSwift" */;
			productName = SwifterSwift;
		};
		E23EFB272662A82D0038022B /* MBProgressHUD */ = {
			isa = XCSwiftPackageProductDependency;
			package = E23EFB262662A82D0038022B /* XCRemoteSwiftPackageReference "MBProgressHUD" */;
			productName = MBProgressHUD;
		};
		E24C4E94268BCA1100C005FC /* Kingfisher */ = {
			isa = XCSwiftPackageProductDependency;
			package = E24C4E93268BCA1100C005FC /* XCRemoteSwiftPackageReference "Kingfisher" */;
			productName = Kingfisher;
		};
		E267B86E2667FEBC009979C8 /* NVActivityIndicatorView */ = {
			isa = XCSwiftPackageProductDependency;
			package = E267B86D2667FEBC009979C8 /* XCRemoteSwiftPackageReference "NVActivityIndicatorView" */;
			productName = NVActivityIndicatorView;
		};
		E267B8702667FEBC009979C8 /* NVActivityIndicatorViewExtended */ = {
			isa = XCSwiftPackageProductDependency;
			package = E267B86D2667FEBC009979C8 /* XCRemoteSwiftPackageReference "NVActivityIndicatorView" */;
			productName = NVActivityIndicatorViewExtended;
		};
		E267B8732667FEE8009979C8 /* FloatingPanel */ = {
			isa = XCSwiftPackageProductDependency;
			package = E267B8722667FEE8009979C8 /* XCRemoteSwiftPackageReference "FloatingPanel" */;
			productName = FloatingPanel;
		};
		E267B8762667FF66009979C8 /* SkeletonView */ = {
			isa = XCSwiftPackageProductDependency;
			package = E267B8752667FF66009979C8 /* XCRemoteSwiftPackageReference "SkeletonView" */;
			productName = SkeletonView;
		};
		E276557F267E93FB002D13CC /* Hue */ = {
			isa = XCSwiftPackageProductDependency;
			package = E2A07D9926520BDD0075E271 /* XCRemoteSwiftPackageReference "Hue" */;
			productName = Hue;
		};
		E2765593267E94B0002D13CC /* Hue */ = {
			isa = XCSwiftPackageProductDependency;
			package = E2A07D9926520BDD0075E271 /* XCRemoteSwiftPackageReference "Hue" */;
			productName = Hue;
		};
		E2765596267E94C3002D13CC /* SnapKit */ = {
			isa = XCSwiftPackageProductDependency;
			package = E2ABEDF3265322FA0001F0F9 /* XCRemoteSwiftPackageReference "SnapKit" */;
			productName = SnapKit;
		};
		E276559A267E9505002D13CC /* NVActivityIndicatorView */ = {
			isa = XCSwiftPackageProductDependency;
			package = E267B86D2667FEBC009979C8 /* XCRemoteSwiftPackageReference "NVActivityIndicatorView" */;
			productName = NVActivityIndicatorView;
		};
		E284F91F2659A2DD002CB3BF /* Introspect */ = {
			isa = XCSwiftPackageProductDependency;
			package = E284F91E2659A2DD002CB3BF /* XCRemoteSwiftPackageReference "SwiftUI-Introspect" */;
			productName = Introspect;
		};
		E2901FA4264CAC8B003A2C01 /* Shake */ = {
			isa = XCSwiftPackageProductDependency;
			package = E2901FA3264CAC8B003A2C01 /* XCRemoteSwiftPackageReference "shake-ios" */;
			productName = Shake;
		};
		E2901FA9264D77EF003A2C01 /* Trace */ = {
			isa = XCSwiftPackageProductDependency;
			package = E2901FA8264D77EE003A2C01 /* XCRemoteSwiftPackageReference "trace-cocoa-sdk" */;
			productName = Trace;
		};
		E2A07D9A26520BDD0075E271 /* Hue */ = {
			isa = XCSwiftPackageProductDependency;
			package = E2A07D9926520BDD0075E271 /* XCRemoteSwiftPackageReference "Hue" */;
			productName = Hue;
		};
		E2ABEDEF265322670001F0F9 /* HMSegmentedControl */ = {
			isa = XCSwiftPackageProductDependency;
			package = E2ABEDEE265322670001F0F9 /* XCRemoteSwiftPackageReference "HMSegmentedControl" */;
			productName = HMSegmentedControl;
		};
		E2ABEDF4265322FA0001F0F9 /* SnapKit */ = {
			isa = XCSwiftPackageProductDependency;
			package = E2ABEDF3265322FA0001F0F9 /* XCRemoteSwiftPackageReference "SnapKit" */;
			productName = SnapKit;
		};
		E2B5EAA4268810F00092663F /* SwifterSwift */ = {
			isa = XCSwiftPackageProductDependency;
			package = E23B93E22652D52800E039D9 /* XCRemoteSwiftPackageReference "SwifterSwift" */;
			productName = SwifterSwift;
		};
		E2BDFCA626518CB90075E619 /* Money */ = {
			isa = XCSwiftPackageProductDependency;
			package = E2BDFCA526518CB90075E619 /* XCRemoteSwiftPackageReference "Money" */;
			productName = Money;
		};
		E2C859B326438EE500F93321 /* Cache */ = {
			isa = XCSwiftPackageProductDependency;
			package = E2C859B226438EE500F93321 /* XCRemoteSwiftPackageReference "Cache" */;
			productName = Cache;
		};
		E2FC103F267E9EE400CD98AF /* Money */ = {
			isa = XCSwiftPackageProductDependency;
			package = E2BDFCA526518CB90075E619 /* XCRemoteSwiftPackageReference "Money" */;
			productName = Money;
		};
/* End XCSwiftPackageProductDependency section */
	};
	rootObject = E2E637A12641A5FB00F872A4 /* Project object */;
}
