{
  "object": {
    "pins": [
      {
        "package": "Alamofire",
        "repositoryURL": "https://github.com/Alamofire/Alamofire",
        "state": {
          "branch": null,
          "revision": "f96b619bcb2383b43d898402283924b80e2c4bae",
          "version": "5.4.3"
        }
      },
      {
        "package": "Cache",
        "repositoryURL": "https://github.com/hyperoslo/Cache",
        "state": {
          "branch": null,
          "revision": "c7f4d633049c3bd649a353bad36f6c17e9df085f",
          "version": "6.0.0"
        }
      },
      {
        "package": "Charts",
        "repositoryURL": "https://github.com/danielgindi/Charts",
        "state": {
          "branch": null,
          "revision": "dbf7fa2891270f88aeafc872ea0beddb344af94b",
          "version": "3.4.0"
        }
      },
      {
        "package": "FloatingPanel",
        "repositoryURL": "https://github.com/scenee/FloatingPanel",
        "state": {
          "branch": null,
          "revision": "da4668aa2b8277dd8ce2741ac5c39394431400fc",
          "version": "2.3.1"
        }
      },
      {
        "package": "HMSegmentedControl",
        "repositoryURL": "https://github.com/HeshamMegid/HMSegmentedControl",
        "state": {
          "branch": "master",
          "revision": "a2852bd7fe75e0e40d832873ceb0f0a4ec1b8350",
          "version": null
        }
      },
      {
        "package": "Hue",
        "repositoryURL": "https://github.com/zenangst/Hue",
        "state": {
          "branch": null,
          "revision": "b9d920cee4ba795fefb828d130744eee1e3d2feb",
          "version": "5.0.1"
        }
      },
      {
        "package": "MBProgressHUD",
        "repositoryURL": "https://github.com/jdg/MBProgressHUD",
        "state": {
          "branch": null,
          "revision": "bca42b801100b2b3a4eda0ba8dd33d858c780b0d",
          "version": "1.2.0"
        }
      },
      {
        "package": "Money",
        "repositoryURL": "https://github.com/Flight-School/Money",
        "state": {
          "branch": null,
          "revision": "acc8e571313df5be647a009c04a50b419fb3455f",
          "version": "1.3.0"
        }
      },
      {
        "package": "NVActivityIndicatorView",
        "repositoryURL": "https://github.com/ninjaprox/NVActivityIndicatorView",
        "state": {
          "branch": null,
          "revision": "bcb52371f2259254bac6690f92bb474a61768c47",
          "version": "5.1.1"
        }
      },
      {
        "package": "PartialSheet",
        "repositoryURL": "https://github.com/AndreaMiotto/PartialSheet",
        "state": {
          "branch": null,
          "revision": "936465232b6399e402e79d5b031622af9a5e9960",
          "version": "2.1.11"
        }
      },
      {
        "package": "Shake",
        "repositoryURL": "https://github.com/shakebugs/shake-ios",
        "state": {
          "branch": null,
          "revision": "bece3fa332e5ff51c5bfd0795629475dcf8af164",
          "version": "14.2.1"
        }
      },
      {
        "package": "SkeletonView",
        "repositoryURL": "https://github.com/Juanpe/SkeletonView",
        "state": {
          "branch": null,
          "revision": "74b5172ea5ff0e66e4377d42d7967e1d239c4aba",
          "version": "1.16.0"
        }
      },
      {
        "package": "SnapKit",
        "repositoryURL": "https://github.com/SnapKit/SnapKit",
        "state": {
          "branch": null,
          "revision": "d458564516e5676af9c70b4f4b2a9178294f1bc6",
          "version": "5.0.1"
        }
      },
      {
        "package": "SwifterSwift",
        "repositoryURL": "https://github.com/SwifterSwift/SwifterSwift",
        "state": {
          "branch": null,
          "revision": "dc813f3aa92f904a009fe543b99d5649dce7c134",
          "version": "5.2.0"
        }
      },
      {
        "package": "Introspect",
        "repositoryURL": "https://github.com/siteline/SwiftUI-Introspect",
        "state": {
          "branch": null,
          "revision": "2e09be8af614401bc9f87d40093ec19ce56ccaf2",
          "version": "0.1.3"
        }
      },
      {
        "package": "SwiftyBeaver",
        "repositoryURL": "https://github.com/SwiftyBeaver/SwiftyBeaver",
        "state": {
          "branch": null,
          "revision": "5cfd6888447adcc49b80b625281b6177104f011f",
          "version": "1.9.4"
        }
      },
      {
        "package": "SwiftyJSON",
        "repositoryURL": "https://github.com/SwiftyJSON/SwiftyJSON",
        "state": {
          "branch": null,
          "revision": "b3dcd7dbd0d488e1a7077cb33b00f2083e382f07",
          "version": "5.0.1"
        }
      },
      {
        "package": "BitriseTrace",
        "repositoryURL": "https://github.com/bitrise-io/trace-cocoa-sdk.git",
        "state": {
          "branch": null,
          "revision": "7f23379cce92e10bf8da102c41c7affb909c1cb6",
          "version": "1.7.33"
        }
      }
    ]
  },
  "version": 1
}
