{
  "object": {
    "pins": [
      {
        "package": "Alamofire",
        "repositoryURL": "https://github.com/Alamofire/Alamofire",
        "state": {
          "branch": null,
          "revision": "f96b619bcb2383b43d898402283924b80e2c4bae",
          "version": "5.4.3"
        }
      },
      {
        "package": "Cache",
        "repositoryURL": "https://github.com/hyperoslo/Cache",
        "state": {
          "branch": null,
          "revision": "c7f4d633049c3bd649a353bad36f6c17e9df085f",
          "version": "6.0.0"
        }
      },
      {
        "package": "Charts",
        "repositoryURL": "https://github.com/danielgindi/Charts",
        "state": {
          "branch": null,
          "revision": "dbf7fa2891270f88aeafc872ea0beddb344af94b",
          "version": "3.4.0"
        }
      },
      {
        "package": "combine-schedulers",
        "repositoryURL": "https://github.com/pointfreeco/combine-schedulers",
        "state": {
          "branch": null,
          "revision": "4cf088c29a20f52be0f2ca54992b492c54e0076b",
          "version": "0.5.3"
        }
      },
      {
        "package": "HMSegmentedControl",
        "repositoryURL": "https://github.com/HeshamMegid/HMSegmentedControl",
        "state": {
          "branch": "master",
          "revision": "a2852bd7fe75e0e40d832873ceb0f0a4ec1b8350",
          "version": null
        }
      },
      {
        "package": "Hue",
        "repositoryURL": "https://github.com/zenangst/Hue",
        "state": {
          "branch": null,
          "revision": "b9d920cee4ba795fefb828d130744eee1e3d2feb",
          "version": "5.0.1"
        }
      },
      {
        "package": "Money",
        "repositoryURL": "https://github.com/Flight-School/Money",
        "state": {
          "branch": null,
          "revision": "acc8e571313df5be647a009c04a50b419fb3455f",
          "version": "1.3.0"
        }
      },
      {
        "package": "PartialSheet",
        "repositoryURL": "https://github.com/AndreaMiotto/PartialSheet",
        "state": {
          "branch": null,
          "revision": "936465232b6399e402e79d5b031622af9a5e9960",
          "version": "2.1.11"
        }
      },
      {
        "package": "Shake",
        "repositoryURL": "https://github.com/shakebugs/shake-ios",
        "state": {
          "branch": null,
          "revision": "bece3fa332e5ff51c5bfd0795629475dcf8af164",
          "version": "14.2.1"
        }
      },
      {
        "package": "SnapKit",
        "repositoryURL": "https://github.com/SnapKit/SnapKit",
        "state": {
          "branch": null,
          "revision": "d458564516e5676af9c70b4f4b2a9178294f1bc6",
          "version": "5.0.1"
        }
      },
      {
        "package": "swift-case-paths",
        "repositoryURL": "https://github.com/pointfreeco/swift-case-paths",
        "state": {
          "branch": null,
          "revision": "d226d167bd4a68b51e352af5655c92bce8ee0463",
          "version": "0.7.0"
        }
      },
      {
        "package": "swift-collections",
        "repositoryURL": "https://github.com/apple/swift-collections",
        "state": {
          "branch": null,
          "revision": "2d33a0ea89c961dcb2b3da2157963d9c0370347e",
          "version": "1.0.1"
        }
      },
      {
        "package": "swift-composable-architecture",
        "repositoryURL": "https://github.com/pointfreeco/swift-composable-architecture",
        "state": {
          "branch": null,
          "revision": "599a2398adaaa7a4e3f5420cde7728c39e33677e",
          "version": "0.28.1"
        }
      },
      {
        "package": "swift-custom-dump",
        "repositoryURL": "https://github.com/pointfreeco/swift-custom-dump",
        "state": {
          "branch": null,
          "revision": "c2dd2c64b753dda592f5619303e02f741cd3e862",
          "version": "0.2.0"
        }
      },
      {
        "package": "swift-identified-collections",
        "repositoryURL": "https://github.com/pointfreeco/swift-identified-collections",
        "state": {
          "branch": null,
          "revision": "f76e7d3fe4265ee09216044ec3780d74f546ca82",
          "version": "0.3.1"
        }
      },
      {
        "package": "SwifterSwift",
        "repositoryURL": "https://github.com/SwifterSwift/SwifterSwift",
        "state": {
          "branch": null,
          "revision": "dc813f3aa92f904a009fe543b99d5649dce7c134",
          "version": "5.2.0"
        }
      },
      {
        "package": "SwiftyBeaver",
        "repositoryURL": "https://github.com/SwiftyBeaver/SwiftyBeaver",
        "state": {
          "branch": null,
          "revision": "5cfd6888447adcc49b80b625281b6177104f011f",
          "version": "1.9.4"
        }
      },
      {
        "package": "SwiftyJSON",
        "repositoryURL": "https://github.com/SwiftyJSON/SwiftyJSON",
        "state": {
          "branch": null,
          "revision": "b3dcd7dbd0d488e1a7077cb33b00f2083e382f07",
          "version": "5.0.1"
        }
      },
      {
        "package": "xctest-dynamic-overlay",
        "repositoryURL": "https://github.com/pointfreeco/xctest-dynamic-overlay",
        "state": {
          "branch": null,
          "revision": "50a70a9d3583fe228ce672e8923010c8df2deddd",
          "version": "0.2.1"
        }
      }
    ]
  },
  "version": 1
}
